PODS:
  - FLEX (4.7.0)
  - Masonry (1.1.0)

DEPENDENCIES:
  - FLEX
  - Masonry

SPEC REPOS:
  https://github.com/CocoaPods/Specs.git:
    - FLEX
    - Masonry

SPEC CHECKSUMS:
  FLEX: bdc9ac7d4a239e3d04c298c01221203257d63a80
  Masonry: 678fab65091a9290e40e2832a55e7ab731aad201

PODFILE CHECKSUM: bb0dda4733f052cb1614ecdbda158488c9b59b51

COCOAPODS: 1.11.3
