// !$*UTF8*$!
{
	archiveVersion = 1;
	classes = {
	};
	objectVersion = 46;
	objects = {

/* Begin PBXBuildFile section */
		2440FCC61FFF9DA900AC685F /* AutolayoutViewController.m in Sources */ = {isa = PBXBuildFile; fileRef = 2440FCC51FFF9DA900AC685F /* AutolayoutViewController.m */; };
		2440FCC91FFFA04200AC685F /* TestLayoutAnimationViewController.m in Sources */ = {isa = PBXBuildFile; fileRef = 2440FCC81FFFA04200AC685F /* TestLayoutAnimationViewController.m */; };
		2448087B2008671600E41B49 /* TestBindScrollViewVC.m in Sources */ = {isa = PBXBuildFile; fileRef = 2448087A2008671600E41B49 /* TestBindScrollViewVC.m */; };
		2448087E2008690B00E41B49 /* TestGetVC.m in Sources */ = {isa = PBXBuildFile; fileRef = 2448087D2008690B00E41B49 /* TestGetVC.m */; };
		244808832008D11900E41B49 /* TestWKWebViewVC.m in Sources */ = {isa = PBXBuildFile; fileRef = 244808822008D11900E41B49 /* TestWKWebViewVC.m */; };
		245E03731F21F04600B73513 /* LFXHookGuard.m in Sources */ = {isa = PBXBuildFile; fileRef = 245E03721F21EFEA00B73513 /* LFXHookGuard.m */; };
		246D7B97201F425300EE2591 /* TestActivitiyVC.m in Sources */ = {isa = PBXBuildFile; fileRef = 246D7B96201F425300EE2591 /* TestActivitiyVC.m */; };
		24C5F6E51FFB7C6B006DF2DD /* MyTestBindScrollView.m in Sources */ = {isa = PBXBuildFile; fileRef = 24C5F6E41FFB7C6B006DF2DD /* MyTestBindScrollView.m */; };
		24C9A5991FE1476C00A5B60D /* UIView+AIFAutoCollapse.m in Sources */ = {isa = PBXBuildFile; fileRef = 24C9A5981FE1476C00A5B60D /* UIView+AIFAutoCollapse.m */; };
		24C9A59C1FE1479600A5B60D /* MASViewConstraint+AIFCommonUI.m in Sources */ = {isa = PBXBuildFile; fileRef = 24C9A59A1FE1479500A5B60D /* MASViewConstraint+AIFCommonUI.m */; };
		24D57BDA1DE7F2D500A06318 /* LFMessage.m in Sources */ = {isa = PBXBuildFile; fileRef = 24D57BD51DE7F2D500A06318 /* LFMessage.m */; };
		24D57BDB1DE7F2D500A06318 /* LFMessageManager.m in Sources */ = {isa = PBXBuildFile; fileRef = 24D57BD71DE7F2D500A06318 /* LFMessageManager.m */; };
		24D57BDC1DE7F2D500A06318 /* LFMessageTask.m in Sources */ = {isa = PBXBuildFile; fileRef = 24D57BD91DE7F2D500A06318 /* LFMessageTask.m */; };
		24DED14F1DF661E6005C727F /* LFBlockQueue.m in Sources */ = {isa = PBXBuildFile; fileRef = 24DED14E1DF661E6005C727F /* LFBlockQueue.m */; };
		24FCFD601E821F0F001334DE /* PureOCViewController.m in Sources */ = {isa = PBXBuildFile; fileRef = 24FCFD5F1E821F0F001334DE /* PureOCViewController.m */; };
		2FF5CEA41F43EBF80060C0DF /* ARKitTestVC.swift in Sources */ = {isa = PBXBuildFile; fileRef = 2FF5CEA31F43EBF80060C0DF /* ARKitTestVC.swift */; };
		CA0417DB1DF45152007D8B54 /* PureSwiftTestVC.swift in Sources */ = {isa = PBXBuildFile; fileRef = CA0417DA1DF45152007D8B54 /* PureSwiftTestVC.swift */; };
		CA0417E01E070C63007D8B54 /* findXibsAndAdjustingForXcode7.py in Resources */ = {isa = PBXBuildFile; fileRef = CA0417DF1E070C63007D8B54 /* findXibsAndAdjustingForXcode7.py */; };
		CA127F751CA7CA6A00DEE218 /* main.m in Sources */ = {isa = PBXBuildFile; fileRef = CA127F741CA7CA6A00DEE218 /* main.m */; };
		CA127F781CA7CA6A00DEE218 /* AppDelegate.m in Sources */ = {isa = PBXBuildFile; fileRef = CA127F771CA7CA6A00DEE218 /* AppDelegate.m */; };
		CA127F7B1CA7CA6A00DEE218 /* ViewController.m in Sources */ = {isa = PBXBuildFile; fileRef = CA127F7A1CA7CA6A00DEE218 /* ViewController.m */; };
		CA127F7E1CA7CA6A00DEE218 /* Main.storyboard in Resources */ = {isa = PBXBuildFile; fileRef = CA127F7C1CA7CA6A00DEE218 /* Main.storyboard */; };
		CA127F801CA7CA6A00DEE218 /* Assets.xcassets in Resources */ = {isa = PBXBuildFile; fileRef = CA127F7F1CA7CA6A00DEE218 /* Assets.xcassets */; };
		CA127F831CA7CA6A00DEE218 /* LaunchScreen.storyboard in Resources */ = {isa = PBXBuildFile; fileRef = CA127F811CA7CA6A00DEE218 /* LaunchScreen.storyboard */; };
		CA18E9511DEAFFC9008C718C /* LFMessageTestVC.swift in Sources */ = {isa = PBXBuildFile; fileRef = CA18E9501DEAFFC9008C718C /* LFMessageTestVC.swift */; };
		CA3E289D1CF196A80016081F /* NSObject+Swizzle.m in Sources */ = {isa = PBXBuildFile; fileRef = CA3E289C1CF196A80016081F /* NSObject+Swizzle.m */; };
		CA46476F1CF18B23006F2A54 /* JRSwizzle.m in Sources */ = {isa = PBXBuildFile; fileRef = CA46476E1CF18B23006F2A54 /* JRSwizzle.m */; };
		CA46478B1CF18BA4006F2A54 /* EXTADT.m in Sources */ = {isa = PBXBuildFile; fileRef = CA4647741CF18BA4006F2A54 /* EXTADT.m */; };
		CA46478C1CF18BA4006F2A54 /* EXTConcreteProtocol.m in Sources */ = {isa = PBXBuildFile; fileRef = CA4647761CF18BA4006F2A54 /* EXTConcreteProtocol.m */; };
		CA46478D1CF18BA4006F2A54 /* EXTNil.m in Sources */ = {isa = PBXBuildFile; fileRef = CA46477A1CF18BA4006F2A54 /* EXTNil.m */; };
		CA46478E1CF18BA4006F2A54 /* EXTRuntimeExtensions.m in Sources */ = {isa = PBXBuildFile; fileRef = CA46477E1CF18BA4006F2A54 /* EXTRuntimeExtensions.m */; };
		CA46478F1CF18BA4006F2A54 /* EXTSafeCategory.m in Sources */ = {isa = PBXBuildFile; fileRef = CA4647801CF18BA4006F2A54 /* EXTSafeCategory.m */; };
		CA4647901CF18BA4006F2A54 /* EXTScope.m in Sources */ = {isa = PBXBuildFile; fileRef = CA4647821CF18BA4006F2A54 /* EXTScope.m */; };
		CA4647911CF18BA4006F2A54 /* EXTSelectorChecking.m in Sources */ = {isa = PBXBuildFile; fileRef = CA4647841CF18BA4006F2A54 /* EXTSelectorChecking.m */; };
		CA4647921CF18BA4006F2A54 /* NSInvocation+EXT.m in Sources */ = {isa = PBXBuildFile; fileRef = CA4647881CF18BA4006F2A54 /* NSInvocation+EXT.m */; };
		CA4647931CF18BA4006F2A54 /* NSMethodSignature+EXT.m in Sources */ = {isa = PBXBuildFile; fileRef = CA46478A1CF18BA4006F2A54 /* NSMethodSignature+EXT.m */; };
		CA56B0E91CF053220018B554 /* NSMutableArray+SafeAdd.m in Sources */ = {isa = PBXBuildFile; fileRef = CA56B0E81CF053220018B554 /* NSMutableArray+SafeAdd.m */; };
		CACE29351D85A748009B4A69 /* MyTestRootVC.swift in Sources */ = {isa = PBXBuildFile; fileRef = CACE29341D85A748009B4A69 /* MyTestRootVC.swift */; };
		CACE29391D85A8D7009B4A69 /* MyTestRootVCCell.swift in Sources */ = {isa = PBXBuildFile; fileRef = CACE29381D85A8D7009B4A69 /* MyTestRootVCCell.swift */; };
		CACE293B1D85A9F1009B4A69 /* MyTestRootVCCell.xib in Resources */ = {isa = PBXBuildFile; fileRef = CACE293A1D85A9F1009B4A69 /* MyTestRootVCCell.xib */; };
		CACE293D1D85B021009B4A69 /* DecimalNumberPadForH5TestVC.swift in Sources */ = {isa = PBXBuildFile; fileRef = CACE293C1D85B021009B4A69 /* DecimalNumberPadForH5TestVC.swift */; };
		CACE29411D86F947009B4A69 /* JKTest.m in Sources */ = {isa = PBXBuildFile; fileRef = CACE29401D86F947009B4A69 /* JKTest.m */; };
		CAD615421D8709B000804F1E /* MyInstance.swift in Sources */ = {isa = PBXBuildFile; fileRef = CAD615411D8709B000804F1E /* MyInstance.swift */; };
		CAD615451D87133300804F1E /* MyTestInstance.m in Sources */ = {isa = PBXBuildFile; fileRef = CAD615441D87133300804F1E /* MyTestInstance.m */; };
		CAEB6DCE1CA82CB60058C699 /* BaseViewController.m in Sources */ = {isa = PBXBuildFile; fileRef = CAEB6DCD1CA82CB60058C699 /* BaseViewController.m */; };
		F52EA84D15F31094D7E157C6 /* libPods-MyTestIO.a in Frameworks */ = {isa = PBXBuildFile; fileRef = 9642CB0838D9BAB2CC6F5B85 /* libPods-MyTestIO.a */; };
/* End PBXBuildFile section */

/* Begin PBXFileReference section */
		2440FCC41FFF9DA900AC685F /* AutolayoutViewController.h */ = {isa = PBXFileReference; lastKnownFileType = sourcecode.c.h; path = AutolayoutViewController.h; sourceTree = "<group>"; };
		2440FCC51FFF9DA900AC685F /* AutolayoutViewController.m */ = {isa = PBXFileReference; lastKnownFileType = sourcecode.c.objc; path = AutolayoutViewController.m; sourceTree = "<group>"; };
		2440FCC71FFFA04200AC685F /* TestLayoutAnimationViewController.h */ = {isa = PBXFileReference; lastKnownFileType = sourcecode.c.h; path = TestLayoutAnimationViewController.h; sourceTree = "<group>"; };
		2440FCC81FFFA04200AC685F /* TestLayoutAnimationViewController.m */ = {isa = PBXFileReference; lastKnownFileType = sourcecode.c.objc; path = TestLayoutAnimationViewController.m; sourceTree = "<group>"; };
		244808762007543500E41B49 /* libFLEX.a */ = {isa = PBXFileReference; explicitFileType = archive.ar; path = libFLEX.a; sourceTree = BUILT_PRODUCTS_DIR; };
		244808782007543900E41B49 /* libMasonry.a */ = {isa = PBXFileReference; explicitFileType = archive.ar; path = libMasonry.a; sourceTree = BUILT_PRODUCTS_DIR; };
		244808792008671600E41B49 /* TestBindScrollViewVC.h */ = {isa = PBXFileReference; lastKnownFileType = sourcecode.c.h; path = TestBindScrollViewVC.h; sourceTree = "<group>"; };
		2448087A2008671600E41B49 /* TestBindScrollViewVC.m */ = {isa = PBXFileReference; lastKnownFileType = sourcecode.c.objc; path = TestBindScrollViewVC.m; sourceTree = "<group>"; };
		2448087C2008690B00E41B49 /* TestGetVC.h */ = {isa = PBXFileReference; lastKnownFileType = sourcecode.c.h; path = TestGetVC.h; sourceTree = "<group>"; };
		2448087D2008690B00E41B49 /* TestGetVC.m */ = {isa = PBXFileReference; lastKnownFileType = sourcecode.c.objc; path = TestGetVC.m; sourceTree = "<group>"; };
		244808812008D11900E41B49 /* TestWKWebViewVC.h */ = {isa = PBXFileReference; lastKnownFileType = sourcecode.c.h; path = TestWKWebViewVC.h; sourceTree = "<group>"; };
		244808822008D11900E41B49 /* TestWKWebViewVC.m */ = {isa = PBXFileReference; lastKnownFileType = sourcecode.c.objc; path = TestWKWebViewVC.m; sourceTree = "<group>"; };
		245E03711F21EFEA00B73513 /* LFXHookGuard.h */ = {isa = PBXFileReference; lastKnownFileType = sourcecode.c.h; path = LFXHookGuard.h; sourceTree = "<group>"; };
		245E03721F21EFEA00B73513 /* LFXHookGuard.m */ = {isa = PBXFileReference; lastKnownFileType = sourcecode.c.objc; path = LFXHookGuard.m; sourceTree = "<group>"; };
		246D7B95201F425300EE2591 /* TestActivitiyVC.h */ = {isa = PBXFileReference; lastKnownFileType = sourcecode.c.h; path = TestActivitiyVC.h; sourceTree = "<group>"; };
		246D7B96201F425300EE2591 /* TestActivitiyVC.m */ = {isa = PBXFileReference; lastKnownFileType = sourcecode.c.objc; path = TestActivitiyVC.m; sourceTree = "<group>"; };
		24C5F6E31FFB7C6B006DF2DD /* MyTestBindScrollView.h */ = {isa = PBXFileReference; lastKnownFileType = sourcecode.c.h; path = MyTestBindScrollView.h; sourceTree = "<group>"; };
		24C5F6E41FFB7C6B006DF2DD /* MyTestBindScrollView.m */ = {isa = PBXFileReference; lastKnownFileType = sourcecode.c.objc; path = MyTestBindScrollView.m; sourceTree = "<group>"; };
		24C5F6E71FFB7F04006DF2DD /* MyTestIO-Prefix.pch */ = {isa = PBXFileReference; fileEncoding = 4; lastKnownFileType = sourcecode.c.h; path = "MyTestIO-Prefix.pch"; sourceTree = "<group>"; };
		24C9A5971FE1476C00A5B60D /* UIView+AIFAutoCollapse.h */ = {isa = PBXFileReference; fileEncoding = 4; lastKnownFileType = sourcecode.c.h; path = "UIView+AIFAutoCollapse.h"; sourceTree = "<group>"; };
		24C9A5981FE1476C00A5B60D /* UIView+AIFAutoCollapse.m */ = {isa = PBXFileReference; fileEncoding = 4; lastKnownFileType = sourcecode.c.objc; path = "UIView+AIFAutoCollapse.m"; sourceTree = "<group>"; };
		24C9A59A1FE1479500A5B60D /* MASViewConstraint+AIFCommonUI.m */ = {isa = PBXFileReference; fileEncoding = 4; lastKnownFileType = sourcecode.c.objc; path = "MASViewConstraint+AIFCommonUI.m"; sourceTree = "<group>"; };
		24C9A59B1FE1479600A5B60D /* MASViewConstraint+AIFCommonUI.h */ = {isa = PBXFileReference; fileEncoding = 4; lastKnownFileType = sourcecode.c.h; path = "MASViewConstraint+AIFCommonUI.h"; sourceTree = "<group>"; };
		24D57BD41DE7F2D500A06318 /* LFMessage.h */ = {isa = PBXFileReference; fileEncoding = 4; lastKnownFileType = sourcecode.c.h; path = LFMessage.h; sourceTree = "<group>"; };
		24D57BD51DE7F2D500A06318 /* LFMessage.m */ = {isa = PBXFileReference; fileEncoding = 4; lastKnownFileType = sourcecode.c.objc; path = LFMessage.m; sourceTree = "<group>"; };
		24D57BD61DE7F2D500A06318 /* LFMessageManager.h */ = {isa = PBXFileReference; fileEncoding = 4; lastKnownFileType = sourcecode.c.h; path = LFMessageManager.h; sourceTree = "<group>"; };
		24D57BD71DE7F2D500A06318 /* LFMessageManager.m */ = {isa = PBXFileReference; fileEncoding = 4; lastKnownFileType = sourcecode.c.objc; path = LFMessageManager.m; sourceTree = "<group>"; };
		24D57BD81DE7F2D500A06318 /* LFMessageTask.h */ = {isa = PBXFileReference; fileEncoding = 4; lastKnownFileType = sourcecode.c.h; path = LFMessageTask.h; sourceTree = "<group>"; };
		24D57BD91DE7F2D500A06318 /* LFMessageTask.m */ = {isa = PBXFileReference; fileEncoding = 4; lastKnownFileType = sourcecode.c.objc; path = LFMessageTask.m; sourceTree = "<group>"; };
		24DED14D1DF661E6005C727F /* LFBlockQueue.h */ = {isa = PBXFileReference; fileEncoding = 4; lastKnownFileType = sourcecode.c.h; path = LFBlockQueue.h; sourceTree = "<group>"; };
		24DED14E1DF661E6005C727F /* LFBlockQueue.m */ = {isa = PBXFileReference; fileEncoding = 4; lastKnownFileType = sourcecode.c.objc; path = LFBlockQueue.m; sourceTree = "<group>"; };
		24FCFD5E1E821F0F001334DE /* PureOCViewController.h */ = {isa = PBXFileReference; fileEncoding = 4; lastKnownFileType = sourcecode.c.h; path = PureOCViewController.h; sourceTree = "<group>"; };
		24FCFD5F1E821F0F001334DE /* PureOCViewController.m */ = {isa = PBXFileReference; fileEncoding = 4; lastKnownFileType = sourcecode.c.objc; path = PureOCViewController.m; sourceTree = "<group>"; };
		2FF5CEA31F43EBF80060C0DF /* ARKitTestVC.swift */ = {isa = PBXFileReference; lastKnownFileType = sourcecode.swift; path = ARKitTestVC.swift; sourceTree = "<group>"; };
		433C6221B3DF89A3B66F4976 /* Pods-MyTestIO.debug.xcconfig */ = {isa = PBXFileReference; includeInIndex = 1; lastKnownFileType = text.xcconfig; name = "Pods-MyTestIO.debug.xcconfig"; path = "Pods/Target Support Files/Pods-MyTestIO/Pods-MyTestIO.debug.xcconfig"; sourceTree = "<group>"; };
		59C6F164B84E05FE8F8CDDAB /* libPods-ASDKTestOn4S.a */ = {isa = PBXFileReference; explicitFileType = archive.ar; includeInIndex = 0; path = "libPods-ASDKTestOn4S.a"; sourceTree = BUILT_PRODUCTS_DIR; };
		9642CB0838D9BAB2CC6F5B85 /* libPods-MyTestIO.a */ = {isa = PBXFileReference; explicitFileType = archive.ar; includeInIndex = 0; path = "libPods-MyTestIO.a"; sourceTree = BUILT_PRODUCTS_DIR; };
		9AD5D2440681B1B2606007EE /* Pods-ASDKTestOn4S.debug.xcconfig */ = {isa = PBXFileReference; includeInIndex = 1; lastKnownFileType = text.xcconfig; name = "Pods-ASDKTestOn4S.debug.xcconfig"; path = "Pods/Target Support Files/Pods-ASDKTestOn4S/Pods-ASDKTestOn4S.debug.xcconfig"; sourceTree = "<group>"; };
		B4D7EC839D8B36B95FE5F37B /* Pods-ASDKTestOn4S.release.xcconfig */ = {isa = PBXFileReference; includeInIndex = 1; lastKnownFileType = text.xcconfig; name = "Pods-ASDKTestOn4S.release.xcconfig"; path = "Pods/Target Support Files/Pods-ASDKTestOn4S/Pods-ASDKTestOn4S.release.xcconfig"; sourceTree = "<group>"; };
		B590F37E00518B058E20B1E5 /* Pods-MyTestIO.release.xcconfig */ = {isa = PBXFileReference; includeInIndex = 1; lastKnownFileType = text.xcconfig; name = "Pods-MyTestIO.release.xcconfig"; path = "Pods/Target Support Files/Pods-MyTestIO/Pods-MyTestIO.release.xcconfig"; sourceTree = "<group>"; };
		CA0417DA1DF45152007D8B54 /* PureSwiftTestVC.swift */ = {isa = PBXFileReference; fileEncoding = 4; lastKnownFileType = sourcecode.swift; path = PureSwiftTestVC.swift; sourceTree = "<group>"; };
		CA0417DF1E070C63007D8B54 /* findXibsAndAdjustingForXcode7.py */ = {isa = PBXFileReference; fileEncoding = 4; lastKnownFileType = text.script.python; path = findXibsAndAdjustingForXcode7.py; sourceTree = "<group>"; };
		CA127F701CA7CA6A00DEE218 /* MyTestIO.app */ = {isa = PBXFileReference; explicitFileType = wrapper.application; includeInIndex = 0; path = MyTestIO.app; sourceTree = BUILT_PRODUCTS_DIR; };
		CA127F741CA7CA6A00DEE218 /* main.m */ = {isa = PBXFileReference; lastKnownFileType = sourcecode.c.objc; path = main.m; sourceTree = "<group>"; };
		CA127F761CA7CA6A00DEE218 /* AppDelegate.h */ = {isa = PBXFileReference; lastKnownFileType = sourcecode.c.h; path = AppDelegate.h; sourceTree = "<group>"; };
		CA127F771CA7CA6A00DEE218 /* AppDelegate.m */ = {isa = PBXFileReference; lastKnownFileType = sourcecode.c.objc; path = AppDelegate.m; sourceTree = "<group>"; };
		CA127F791CA7CA6A00DEE218 /* ViewController.h */ = {isa = PBXFileReference; lastKnownFileType = sourcecode.c.h; path = ViewController.h; sourceTree = "<group>"; };
		CA127F7A1CA7CA6A00DEE218 /* ViewController.m */ = {isa = PBXFileReference; lastKnownFileType = sourcecode.c.objc; path = ViewController.m; sourceTree = "<group>"; };
		CA127F7D1CA7CA6A00DEE218 /* Base */ = {isa = PBXFileReference; lastKnownFileType = file.storyboard; name = Base; path = Base.lproj/Main.storyboard; sourceTree = "<group>"; };
		CA127F7F1CA7CA6A00DEE218 /* Assets.xcassets */ = {isa = PBXFileReference; lastKnownFileType = folder.assetcatalog; path = Assets.xcassets; sourceTree = "<group>"; };
		CA127F821CA7CA6A00DEE218 /* Base */ = {isa = PBXFileReference; lastKnownFileType = file.storyboard; name = Base; path = Base.lproj/LaunchScreen.storyboard; sourceTree = "<group>"; };
		CA127F841CA7CA6A00DEE218 /* Info.plist */ = {isa = PBXFileReference; lastKnownFileType = text.plist.xml; path = Info.plist; sourceTree = "<group>"; };
		CA18E9501DEAFFC9008C718C /* LFMessageTestVC.swift */ = {isa = PBXFileReference; fileEncoding = 4; lastKnownFileType = sourcecode.swift; path = LFMessageTestVC.swift; sourceTree = "<group>"; };
		CA3E289B1CF196A80016081F /* NSObject+Swizzle.h */ = {isa = PBXFileReference; fileEncoding = 4; lastKnownFileType = sourcecode.c.h; path = "NSObject+Swizzle.h"; sourceTree = "<group>"; };
		CA3E289C1CF196A80016081F /* NSObject+Swizzle.m */ = {isa = PBXFileReference; fileEncoding = 4; lastKnownFileType = sourcecode.c.objc; path = "NSObject+Swizzle.m"; sourceTree = "<group>"; };
		CA46476D1CF18B23006F2A54 /* JRSwizzle.h */ = {isa = PBXFileReference; fileEncoding = 4; lastKnownFileType = sourcecode.c.h; path = JRSwizzle.h; sourceTree = "<group>"; };
		CA46476E1CF18B23006F2A54 /* JRSwizzle.m */ = {isa = PBXFileReference; fileEncoding = 4; lastKnownFileType = sourcecode.c.objc; path = JRSwizzle.m; sourceTree = "<group>"; };
		CA4647731CF18BA4006F2A54 /* EXTADT.h */ = {isa = PBXFileReference; fileEncoding = 4; lastKnownFileType = sourcecode.c.h; path = EXTADT.h; sourceTree = "<group>"; };
		CA4647741CF18BA4006F2A54 /* EXTADT.m */ = {isa = PBXFileReference; fileEncoding = 4; lastKnownFileType = sourcecode.c.objc; path = EXTADT.m; sourceTree = "<group>"; };
		CA4647751CF18BA4006F2A54 /* EXTConcreteProtocol.h */ = {isa = PBXFileReference; fileEncoding = 4; lastKnownFileType = sourcecode.c.h; path = EXTConcreteProtocol.h; sourceTree = "<group>"; };
		CA4647761CF18BA4006F2A54 /* EXTConcreteProtocol.m */ = {isa = PBXFileReference; fileEncoding = 4; lastKnownFileType = sourcecode.c.objc; path = EXTConcreteProtocol.m; sourceTree = "<group>"; };
		CA4647771CF18BA4006F2A54 /* EXTCoroutine.h */ = {isa = PBXFileReference; fileEncoding = 4; lastKnownFileType = sourcecode.c.h; path = EXTCoroutine.h; sourceTree = "<group>"; };
		CA4647781CF18BA4006F2A54 /* EXTKeyPathCoding.h */ = {isa = PBXFileReference; fileEncoding = 4; lastKnownFileType = sourcecode.c.h; path = EXTKeyPathCoding.h; sourceTree = "<group>"; };
		CA4647791CF18BA4006F2A54 /* EXTNil.h */ = {isa = PBXFileReference; fileEncoding = 4; lastKnownFileType = sourcecode.c.h; path = EXTNil.h; sourceTree = "<group>"; };
		CA46477A1CF18BA4006F2A54 /* EXTNil.m */ = {isa = PBXFileReference; fileEncoding = 4; lastKnownFileType = sourcecode.c.objc; path = EXTNil.m; sourceTree = "<group>"; };
		CA46477B1CF18BA4006F2A54 /* extobjc_Prefix.pch */ = {isa = PBXFileReference; fileEncoding = 4; lastKnownFileType = sourcecode.c.h; path = extobjc_Prefix.pch; sourceTree = "<group>"; };
		CA46477C1CF18BA4006F2A54 /* extobjc.h */ = {isa = PBXFileReference; fileEncoding = 4; lastKnownFileType = sourcecode.c.h; path = extobjc.h; sourceTree = "<group>"; };
		CA46477D1CF18BA4006F2A54 /* EXTRuntimeExtensions.h */ = {isa = PBXFileReference; fileEncoding = 4; lastKnownFileType = sourcecode.c.h; path = EXTRuntimeExtensions.h; sourceTree = "<group>"; };
		CA46477E1CF18BA4006F2A54 /* EXTRuntimeExtensions.m */ = {isa = PBXFileReference; fileEncoding = 4; lastKnownFileType = sourcecode.c.objc; path = EXTRuntimeExtensions.m; sourceTree = "<group>"; };
		CA46477F1CF18BA4006F2A54 /* EXTSafeCategory.h */ = {isa = PBXFileReference; fileEncoding = 4; lastKnownFileType = sourcecode.c.h; path = EXTSafeCategory.h; sourceTree = "<group>"; };
		CA4647801CF18BA4006F2A54 /* EXTSafeCategory.m */ = {isa = PBXFileReference; fileEncoding = 4; lastKnownFileType = sourcecode.c.objc; path = EXTSafeCategory.m; sourceTree = "<group>"; };
		CA4647811CF18BA4006F2A54 /* EXTScope.h */ = {isa = PBXFileReference; fileEncoding = 4; lastKnownFileType = sourcecode.c.h; path = EXTScope.h; sourceTree = "<group>"; };
		CA4647821CF18BA4006F2A54 /* EXTScope.m */ = {isa = PBXFileReference; fileEncoding = 4; lastKnownFileType = sourcecode.c.objc; path = EXTScope.m; sourceTree = "<group>"; };
		CA4647831CF18BA4006F2A54 /* EXTSelectorChecking.h */ = {isa = PBXFileReference; fileEncoding = 4; lastKnownFileType = sourcecode.c.h; path = EXTSelectorChecking.h; sourceTree = "<group>"; };
		CA4647841CF18BA4006F2A54 /* EXTSelectorChecking.m */ = {isa = PBXFileReference; fileEncoding = 4; lastKnownFileType = sourcecode.c.objc; path = EXTSelectorChecking.m; sourceTree = "<group>"; };
		CA4647851CF18BA4006F2A54 /* EXTSynthesize.h */ = {isa = PBXFileReference; fileEncoding = 4; lastKnownFileType = sourcecode.c.h; path = EXTSynthesize.h; sourceTree = "<group>"; };
		CA4647861CF18BA4006F2A54 /* metamacros.h */ = {isa = PBXFileReference; fileEncoding = 4; lastKnownFileType = sourcecode.c.h; path = metamacros.h; sourceTree = "<group>"; };
		CA4647871CF18BA4006F2A54 /* NSInvocation+EXT.h */ = {isa = PBXFileReference; fileEncoding = 4; lastKnownFileType = sourcecode.c.h; path = "NSInvocation+EXT.h"; sourceTree = "<group>"; };
		CA4647881CF18BA4006F2A54 /* NSInvocation+EXT.m */ = {isa = PBXFileReference; fileEncoding = 4; lastKnownFileType = sourcecode.c.objc; path = "NSInvocation+EXT.m"; sourceTree = "<group>"; };
		CA4647891CF18BA4006F2A54 /* NSMethodSignature+EXT.h */ = {isa = PBXFileReference; fileEncoding = 4; lastKnownFileType = sourcecode.c.h; path = "NSMethodSignature+EXT.h"; sourceTree = "<group>"; };
		CA46478A1CF18BA4006F2A54 /* NSMethodSignature+EXT.m */ = {isa = PBXFileReference; fileEncoding = 4; lastKnownFileType = sourcecode.c.objc; path = "NSMethodSignature+EXT.m"; sourceTree = "<group>"; };
		CA56B0E71CF053220018B554 /* NSMutableArray+SafeAdd.h */ = {isa = PBXFileReference; fileEncoding = 4; lastKnownFileType = sourcecode.c.h; path = "NSMutableArray+SafeAdd.h"; sourceTree = "<group>"; };
		CA56B0E81CF053220018B554 /* NSMutableArray+SafeAdd.m */ = {isa = PBXFileReference; fileEncoding = 4; lastKnownFileType = sourcecode.c.objc; path = "NSMutableArray+SafeAdd.m"; sourceTree = "<group>"; };
		CA79C4F31D748FCF00D043E3 /* MyTestIO-Bridging-Header.h */ = {isa = PBXFileReference; fileEncoding = 4; lastKnownFileType = sourcecode.c.h; path = "MyTestIO-Bridging-Header.h"; sourceTree = "<group>"; };
		CACE29341D85A748009B4A69 /* MyTestRootVC.swift */ = {isa = PBXFileReference; fileEncoding = 4; lastKnownFileType = sourcecode.swift; path = MyTestRootVC.swift; sourceTree = "<group>"; };
		CACE29381D85A8D7009B4A69 /* MyTestRootVCCell.swift */ = {isa = PBXFileReference; fileEncoding = 4; lastKnownFileType = sourcecode.swift; path = MyTestRootVCCell.swift; sourceTree = "<group>"; };
		CACE293A1D85A9F1009B4A69 /* MyTestRootVCCell.xib */ = {isa = PBXFileReference; fileEncoding = 4; lastKnownFileType = file.xib; path = MyTestRootVCCell.xib; sourceTree = "<group>"; };
		CACE293C1D85B021009B4A69 /* DecimalNumberPadForH5TestVC.swift */ = {isa = PBXFileReference; fileEncoding = 4; lastKnownFileType = sourcecode.swift; path = DecimalNumberPadForH5TestVC.swift; sourceTree = "<group>"; };
		CACE293F1D86F947009B4A69 /* JKTest.h */ = {isa = PBXFileReference; fileEncoding = 4; lastKnownFileType = sourcecode.c.h; path = JKTest.h; sourceTree = "<group>"; };
		CACE29401D86F947009B4A69 /* JKTest.m */ = {isa = PBXFileReference; fileEncoding = 4; lastKnownFileType = sourcecode.c.objc; path = JKTest.m; sourceTree = "<group>"; };
		CAD615411D8709B000804F1E /* MyInstance.swift */ = {isa = PBXFileReference; fileEncoding = 4; lastKnownFileType = sourcecode.swift; path = MyInstance.swift; sourceTree = "<group>"; };
		CAD615431D87133300804F1E /* MyTestInstance.h */ = {isa = PBXFileReference; fileEncoding = 4; lastKnownFileType = sourcecode.c.h; path = MyTestInstance.h; sourceTree = "<group>"; };
		CAD615441D87133300804F1E /* MyTestInstance.m */ = {isa = PBXFileReference; fileEncoding = 4; lastKnownFileType = sourcecode.c.objc; path = MyTestInstance.m; sourceTree = "<group>"; };
		CAEB6DCC1CA82CB60058C699 /* BaseViewController.h */ = {isa = PBXFileReference; fileEncoding = 4; lastKnownFileType = sourcecode.c.h; path = BaseViewController.h; sourceTree = "<group>"; };
		CAEB6DCD1CA82CB60058C699 /* BaseViewController.m */ = {isa = PBXFileReference; fileEncoding = 4; lastKnownFileType = sourcecode.c.objc; path = BaseViewController.m; sourceTree = "<group>"; };
/* End PBXFileReference section */

/* Begin PBXFrameworksBuildPhase section */
		CA127F6D1CA7CA6A00DEE218 /* Frameworks */ = {
			isa = PBXFrameworksBuildPhase;
			buildActionMask = 2147483647;
			files = (
				F52EA84D15F31094D7E157C6 /* libPods-MyTestIO.a in Frameworks */,
			);
			runOnlyForDeploymentPostprocessing = 0;
		};
/* End PBXFrameworksBuildPhase section */

/* Begin PBXGroup section */
		24C5F6E21FFB7B53006DF2DD /* MyTestUIKit */ = {
			isa = PBXGroup;
			children = (
				CA18E9501DEAFFC9008C718C /* LFMessageTestVC.swift */,
				2FF5CEA31F43EBF80060C0DF /* ARKitTestVC.swift */,
				CACE293C1D85B021009B4A69 /* DecimalNumberPadForH5TestVC.swift */,
				24C5F6E31FFB7C6B006DF2DD /* MyTestBindScrollView.h */,
				24C5F6E41FFB7C6B006DF2DD /* MyTestBindScrollView.m */,
				2440FCC41FFF9DA900AC685F /* AutolayoutViewController.h */,
				2440FCC51FFF9DA900AC685F /* AutolayoutViewController.m */,
				2440FCC71FFFA04200AC685F /* TestLayoutAnimationViewController.h */,
				2440FCC81FFFA04200AC685F /* TestLayoutAnimationViewController.m */,
				244808792008671600E41B49 /* TestBindScrollViewVC.h */,
				2448087A2008671600E41B49 /* TestBindScrollViewVC.m */,
				2448087C2008690B00E41B49 /* TestGetVC.h */,
				2448087D2008690B00E41B49 /* TestGetVC.m */,
				244808812008D11900E41B49 /* TestWKWebViewVC.h */,
				244808822008D11900E41B49 /* TestWKWebViewVC.m */,
				246D7B95201F425300EE2591 /* TestActivitiyVC.h */,
				246D7B96201F425300EE2591 /* TestActivitiyVC.m */,
			);
			name = MyTestUIKit;
			sourceTree = "<group>";
		};
		24C5F6E61FFB7D7C006DF2DD /* MyTestKit */ = {
			isa = PBXGroup;
			children = (
				CAD615411D8709B000804F1E /* MyInstance.swift */,
				CAD615431D87133300804F1E /* MyTestInstance.h */,
				CAD615441D87133300804F1E /* MyTestInstance.m */,
				CACE293F1D86F947009B4A69 /* JKTest.h */,
				CACE29401D86F947009B4A69 /* JKTest.m */,
			);
			name = MyTestKit;
			sourceTree = "<group>";
		};
		24C9A59E1FE147AF00A5B60D /* AICollapse */ = {
			isa = PBXGroup;
			children = (
				24C9A5971FE1476C00A5B60D /* UIView+AIFAutoCollapse.h */,
				24C9A5981FE1476C00A5B60D /* UIView+AIFAutoCollapse.m */,
				24C9A59B1FE1479600A5B60D /* MASViewConstraint+AIFCommonUI.h */,
				24C9A59A1FE1479500A5B60D /* MASViewConstraint+AIFCommonUI.m */,
			);
			name = AICollapse;
			sourceTree = "<group>";
		};
		24D57BD21DE7F29600A06318 /* Swizzle */ = {
			isa = PBXGroup;
			children = (
				CA4647711CF18B5C006F2A54 /* JRSwizzle */,
				CA3E289B1CF196A80016081F /* NSObject+Swizzle.h */,
				CA3E289C1CF196A80016081F /* NSObject+Swizzle.m */,
			);
			name = Swizzle;
			sourceTree = "<group>";
		};
		24D57BD31DE7F2AC00A06318 /* SafeCategory */ = {
			isa = PBXGroup;
			children = (
				245E03711F21EFEA00B73513 /* LFXHookGuard.h */,
				245E03721F21EFEA00B73513 /* LFXHookGuard.m */,
				CA56B0E71CF053220018B554 /* NSMutableArray+SafeAdd.h */,
				CA56B0E81CF053220018B554 /* NSMutableArray+SafeAdd.m */,
			);
			name = SafeCategory;
			sourceTree = "<group>";
		};
		24D57BDD1DE7F2DB00A06318 /* LFMessageCenter */ = {
			isa = PBXGroup;
			children = (
				24D57BD41DE7F2D500A06318 /* LFMessage.h */,
				24D57BD51DE7F2D500A06318 /* LFMessage.m */,
				24D57BD61DE7F2D500A06318 /* LFMessageManager.h */,
				24D57BD71DE7F2D500A06318 /* LFMessageManager.m */,
				24D57BD81DE7F2D500A06318 /* LFMessageTask.h */,
				24D57BD91DE7F2D500A06318 /* LFMessageTask.m */,
				24DED14D1DF661E6005C727F /* LFBlockQueue.h */,
				24DED14E1DF661E6005C727F /* LFBlockQueue.m */,
			);
			name = LFMessageCenter;
			sourceTree = "<group>";
		};
		5AF2324BAD2AF65B0A9F047B /* Pods */ = {
			isa = PBXGroup;
			children = (
				9AD5D2440681B1B2606007EE /* Pods-ASDKTestOn4S.debug.xcconfig */,
				B4D7EC839D8B36B95FE5F37B /* Pods-ASDKTestOn4S.release.xcconfig */,
				433C6221B3DF89A3B66F4976 /* Pods-MyTestIO.debug.xcconfig */,
				B590F37E00518B058E20B1E5 /* Pods-MyTestIO.release.xcconfig */,
			);
			name = Pods;
			sourceTree = "<group>";
		};
		60910A76409AEDCE12AD8029 /* Frameworks */ = {
			isa = PBXGroup;
			children = (
				244808782007543900E41B49 /* libMasonry.a */,
				244808762007543500E41B49 /* libFLEX.a */,
				59C6F164B84E05FE8F8CDDAB /* libPods-ASDKTestOn4S.a */,
				9642CB0838D9BAB2CC6F5B85 /* libPods-MyTestIO.a */,
			);
			name = Frameworks;
			sourceTree = "<group>";
		};
		CA0417DE1E06DF73007D8B54 /* Scripts */ = {
			isa = PBXGroup;
			children = (
				CA0417DF1E070C63007D8B54 /* findXibsAndAdjustingForXcode7.py */,
			);
			name = Scripts;
			sourceTree = "<group>";
		};
		CA127F671CA7CA6A00DEE218 = {
			isa = PBXGroup;
			children = (
				CA127F721CA7CA6A00DEE218 /* MyTestIO */,
				CA127F711CA7CA6A00DEE218 /* Products */,
				5AF2324BAD2AF65B0A9F047B /* Pods */,
				60910A76409AEDCE12AD8029 /* Frameworks */,
			);
			sourceTree = "<group>";
		};
		CA127F711CA7CA6A00DEE218 /* Products */ = {
			isa = PBXGroup;
			children = (
				CA127F701CA7CA6A00DEE218 /* MyTestIO.app */,
			);
			name = Products;
			sourceTree = "<group>";
		};
		CA127F721CA7CA6A00DEE218 /* MyTestIO */ = {
			isa = PBXGroup;
			children = (
				24C9A59E1FE147AF00A5B60D /* AICollapse */,
				24D57BD21DE7F29600A06318 /* Swizzle */,
				24D57BD31DE7F2AC00A06318 /* SafeCategory */,
				24D57BDD1DE7F2DB00A06318 /* LFMessageCenter */,
				CA0417DE1E06DF73007D8B54 /* Scripts */,
				CA4647721CF18B69006F2A54 /* Extobjc */,
				CACE29301D856795009B4A69 /* MainVC */,
				CACE29331D85A707009B4A69 /* MyTestRoot */,
				CACE293E1D85B04E009B4A69 /* MyTest */,
				CA127F761CA7CA6A00DEE218 /* AppDelegate.h */,
				CA127F771CA7CA6A00DEE218 /* AppDelegate.m */,
				CA127F7F1CA7CA6A00DEE218 /* Assets.xcassets */,
				CA127F811CA7CA6A00DEE218 /* LaunchScreen.storyboard */,
				CA127F841CA7CA6A00DEE218 /* Info.plist */,
				CA127F731CA7CA6A00DEE218 /* Supporting Files */,
			);
			path = MyTestIO;
			sourceTree = "<group>";
		};
		CA127F731CA7CA6A00DEE218 /* Supporting Files */ = {
			isa = PBXGroup;
			children = (
				24C5F6E71FFB7F04006DF2DD /* MyTestIO-Prefix.pch */,
				CA127F741CA7CA6A00DEE218 /* main.m */,
				CA79C4F31D748FCF00D043E3 /* MyTestIO-Bridging-Header.h */,
			);
			name = "Supporting Files";
			sourceTree = "<group>";
		};
		CA4647711CF18B5C006F2A54 /* JRSwizzle */ = {
			isa = PBXGroup;
			children = (
				CA46476D1CF18B23006F2A54 /* JRSwizzle.h */,
				CA46476E1CF18B23006F2A54 /* JRSwizzle.m */,
			);
			name = JRSwizzle;
			sourceTree = "<group>";
		};
		CA4647721CF18B69006F2A54 /* Extobjc */ = {
			isa = PBXGroup;
			children = (
				CA4647731CF18BA4006F2A54 /* EXTADT.h */,
				CA4647741CF18BA4006F2A54 /* EXTADT.m */,
				CA4647751CF18BA4006F2A54 /* EXTConcreteProtocol.h */,
				CA4647761CF18BA4006F2A54 /* EXTConcreteProtocol.m */,
				CA4647771CF18BA4006F2A54 /* EXTCoroutine.h */,
				CA4647781CF18BA4006F2A54 /* EXTKeyPathCoding.h */,
				CA4647791CF18BA4006F2A54 /* EXTNil.h */,
				CA46477A1CF18BA4006F2A54 /* EXTNil.m */,
				CA46477B1CF18BA4006F2A54 /* extobjc_Prefix.pch */,
				CA46477C1CF18BA4006F2A54 /* extobjc.h */,
				CA46477D1CF18BA4006F2A54 /* EXTRuntimeExtensions.h */,
				CA46477E1CF18BA4006F2A54 /* EXTRuntimeExtensions.m */,
				CA46477F1CF18BA4006F2A54 /* EXTSafeCategory.h */,
				CA4647801CF18BA4006F2A54 /* EXTSafeCategory.m */,
				CA4647811CF18BA4006F2A54 /* EXTScope.h */,
				CA4647821CF18BA4006F2A54 /* EXTScope.m */,
				CA4647831CF18BA4006F2A54 /* EXTSelectorChecking.h */,
				CA4647841CF18BA4006F2A54 /* EXTSelectorChecking.m */,
				CA4647851CF18BA4006F2A54 /* EXTSynthesize.h */,
				CA4647861CF18BA4006F2A54 /* metamacros.h */,
				CA4647871CF18BA4006F2A54 /* NSInvocation+EXT.h */,
				CA4647881CF18BA4006F2A54 /* NSInvocation+EXT.m */,
				CA4647891CF18BA4006F2A54 /* NSMethodSignature+EXT.h */,
				CA46478A1CF18BA4006F2A54 /* NSMethodSignature+EXT.m */,
			);
			name = Extobjc;
			sourceTree = "<group>";
		};
		CACE29301D856795009B4A69 /* MainVC */ = {
			isa = PBXGroup;
			children = (
				CA127F791CA7CA6A00DEE218 /* ViewController.h */,
				CA127F7A1CA7CA6A00DEE218 /* ViewController.m */,
				CA127F7C1CA7CA6A00DEE218 /* Main.storyboard */,
				CAEB6DCC1CA82CB60058C699 /* BaseViewController.h */,
				CAEB6DCD1CA82CB60058C699 /* BaseViewController.m */,
			);
			name = MainVC;
			sourceTree = "<group>";
		};
		CACE29331D85A707009B4A69 /* MyTestRoot */ = {
			isa = PBXGroup;
			children = (
				CACE29341D85A748009B4A69 /* MyTestRootVC.swift */,
				CACE29381D85A8D7009B4A69 /* MyTestRootVCCell.swift */,
				CACE293A1D85A9F1009B4A69 /* MyTestRootVCCell.xib */,
			);
			name = MyTestRoot;
			sourceTree = "<group>";
		};
		CACE293E1D85B04E009B4A69 /* MyTest */ = {
			isa = PBXGroup;
			children = (
				24C5F6E61FFB7D7C006DF2DD /* MyTestKit */,
				24C5F6E21FFB7B53006DF2DD /* MyTestUIKit */,
				CA0417DA1DF45152007D8B54 /* PureSwiftTestVC.swift */,
				24FCFD5E1E821F0F001334DE /* PureOCViewController.h */,
				24FCFD5F1E821F0F001334DE /* PureOCViewController.m */,
			);
			name = MyTest;
			sourceTree = "<group>";
		};
/* End PBXGroup section */

/* Begin PBXNativeTarget section */
		CA127F6F1CA7CA6A00DEE218 /* MyTestIO */ = {
			isa = PBXNativeTarget;
			buildConfigurationList = CA127F9D1CA7CA6A00DEE218 /* Build configuration list for PBXNativeTarget "MyTestIO" */;
			buildPhases = (
				513F9D7025F53CBDD1C80A9F /* [CP] Check Pods Manifest.lock */,
				CA127F6C1CA7CA6A00DEE218 /* Sources */,
				CA127F6D1CA7CA6A00DEE218 /* Frameworks */,
				CA127F6E1CA7CA6A00DEE218 /* Resources */,
			);
			buildRules = (
			);
			dependencies = (
			);
			name = MyTestIO;
			productName = ASDKTestOn4S;
			productReference = CA127F701CA7CA6A00DEE218 /* MyTestIO.app */;
			productType = "com.apple.product-type.application";
		};
/* End PBXNativeTarget section */

/* Begin PBXProject section */
		CA127F681CA7CA6A00DEE218 /* Project object */ = {
			isa = PBXProject;
			attributes = {
				LastSwiftUpdateCheck = 0730;
				LastUpgradeCheck = 0930;
				ORGANIZATIONNAME = CambriaYang;
				TargetAttributes = {
					CA127F6F1CA7CA6A00DEE218 = {
						CreatedOnToolsVersion = 7.2.1;
						DevelopmentTeam = 2RL2W46M7J;
						LastSwiftMigration = 1010;
						ProvisioningStyle = Automatic;
					};
				};
			};
			buildConfigurationList = CA127F6B1CA7CA6A00DEE218 /* Build configuration list for PBXProject "MyTestIO" */;
			compatibilityVersion = "Xcode 3.2";
			developmentRegion = English;
			hasScannedForEncodings = 0;
			knownRegions = (
				en,
				Base,
			);
			mainGroup = CA127F671CA7CA6A00DEE218;
			productRefGroup = CA127F711CA7CA6A00DEE218 /* Products */;
			projectDirPath = "";
			projectRoot = "";
			targets = (
				CA127F6F1CA7CA6A00DEE218 /* MyTestIO */,
			);
		};
/* End PBXProject section */

/* Begin PBXResourcesBuildPhase section */
		CA127F6E1CA7CA6A00DEE218 /* Resources */ = {
			isa = PBXResourcesBuildPhase;
			buildActionMask = 2147483647;
			files = (
				CACE293B1D85A9F1009B4A69 /* MyTestRootVCCell.xib in Resources */,
				CA127F831CA7CA6A00DEE218 /* LaunchScreen.storyboard in Resources */,
				CA0417E01E070C63007D8B54 /* findXibsAndAdjustingForXcode7.py in Resources */,
				CA127F801CA7CA6A00DEE218 /* Assets.xcassets in Resources */,
				CA127F7E1CA7CA6A00DEE218 /* Main.storyboard in Resources */,
			);
			runOnlyForDeploymentPostprocessing = 0;
		};
/* End PBXResourcesBuildPhase section */

/* Begin PBXShellScriptBuildPhase section */
		513F9D7025F53CBDD1C80A9F /* [CP] Check Pods Manifest.lock */ = {
			isa = PBXShellScriptBuildPhase;
			buildActionMask = 2147483647;
			files = (
			);
			inputPaths = (
				"${PODS_PODFILE_DIR_PATH}/Podfile.lock",
				"${PODS_ROOT}/Manifest.lock",
			);
			name = "[CP] Check Pods Manifest.lock";
			outputPaths = (
				"$(DERIVED_FILE_DIR)/Pods-MyTestIO-checkManifestLockResult.txt",
			);
			runOnlyForDeploymentPostprocessing = 0;
			shellPath = /bin/sh;
			shellScript = "diff \"${PODS_PODFILE_DIR_PATH}/Podfile.lock\" \"${PODS_ROOT}/Manifest.lock\" > /dev/null\nif [ $? != 0 ] ; then\n    # print error to STDERR\n    echo \"error: The sandbox is not in sync with the Podfile.lock. Run 'pod install' or update your CocoaPods installation.\" >&2\n    exit 1\nfi\n# This output is used by Xcode 'outputs' to avoid re-running this script phase.\necho \"SUCCESS\" > \"${SCRIPT_OUTPUT_FILE_0}\"\n";
			showEnvVarsInLog = 0;
		};
/* End PBXShellScriptBuildPhase section */

/* Begin PBXSourcesBuildPhase section */
		CA127F6C1CA7CA6A00DEE218 /* Sources */ = {
			isa = PBXSourcesBuildPhase;
			buildActionMask = 2147483647;
			files = (
				244808832008D11900E41B49 /* TestWKWebViewVC.m in Sources */,
				245E03731F21F04600B73513 /* LFXHookGuard.m in Sources */,
				CA4647901CF18BA4006F2A54 /* EXTScope.m in Sources */,
				CA56B0E91CF053220018B554 /* NSMutableArray+SafeAdd.m in Sources */,
				2440FCC61FFF9DA900AC685F /* AutolayoutViewController.m in Sources */,
				24D57BDB1DE7F2D500A06318 /* LFMessageManager.m in Sources */,
				24DED14F1DF661E6005C727F /* LFBlockQueue.m in Sources */,
				CA46478D1CF18BA4006F2A54 /* EXTNil.m in Sources */,
				2440FCC91FFFA04200AC685F /* TestLayoutAnimationViewController.m in Sources */,
				CA3E289D1CF196A80016081F /* NSObject+Swizzle.m in Sources */,
				CA4647931CF18BA4006F2A54 /* NSMethodSignature+EXT.m in Sources */,
				24C5F6E51FFB7C6B006DF2DD /* MyTestBindScrollView.m in Sources */,
				24FCFD601E821F0F001334DE /* PureOCViewController.m in Sources */,
				CA46478C1CF18BA4006F2A54 /* EXTConcreteProtocol.m in Sources */,
				2448087B2008671600E41B49 /* TestBindScrollViewVC.m in Sources */,
				CACE29351D85A748009B4A69 /* MyTestRootVC.swift in Sources */,
				CA127F7B1CA7CA6A00DEE218 /* ViewController.m in Sources */,
				24D57BDC1DE7F2D500A06318 /* LFMessageTask.m in Sources */,
				CA4647911CF18BA4006F2A54 /* EXTSelectorChecking.m in Sources */,
				246D7B97201F425300EE2591 /* TestActivitiyVC.m in Sources */,
				CAD615421D8709B000804F1E /* MyInstance.swift in Sources */,
				CA4647921CF18BA4006F2A54 /* NSInvocation+EXT.m in Sources */,
				CA46476F1CF18B23006F2A54 /* JRSwizzle.m in Sources */,
				CAD615451D87133300804F1E /* MyTestInstance.m in Sources */,
				CA0417DB1DF45152007D8B54 /* PureSwiftTestVC.swift in Sources */,
				24C9A5991FE1476C00A5B60D /* UIView+AIFAutoCollapse.m in Sources */,
				CACE29411D86F947009B4A69 /* JKTest.m in Sources */,
				2448087E2008690B00E41B49 /* TestGetVC.m in Sources */,
				CA46478F1CF18BA4006F2A54 /* EXTSafeCategory.m in Sources */,
				CA46478B1CF18BA4006F2A54 /* EXTADT.m in Sources */,
				24C9A59C1FE1479600A5B60D /* MASViewConstraint+AIFCommonUI.m in Sources */,
				CACE293D1D85B021009B4A69 /* DecimalNumberPadForH5TestVC.swift in Sources */,
				CA46478E1CF18BA4006F2A54 /* EXTRuntimeExtensions.m in Sources */,
				CA18E9511DEAFFC9008C718C /* LFMessageTestVC.swift in Sources */,
				CAEB6DCE1CA82CB60058C699 /* BaseViewController.m in Sources */,
				CA127F781CA7CA6A00DEE218 /* AppDelegate.m in Sources */,
				24D57BDA1DE7F2D500A06318 /* LFMessage.m in Sources */,
				2FF5CEA41F43EBF80060C0DF /* ARKitTestVC.swift in Sources */,
				CACE29391D85A8D7009B4A69 /* MyTestRootVCCell.swift in Sources */,
				CA127F751CA7CA6A00DEE218 /* main.m in Sources */,
			);
			runOnlyForDeploymentPostprocessing = 0;
		};
/* End PBXSourcesBuildPhase section */

/* Begin PBXVariantGroup section */
		CA127F7C1CA7CA6A00DEE218 /* Main.storyboard */ = {
			isa = PBXVariantGroup;
			children = (
				CA127F7D1CA7CA6A00DEE218 /* Base */,
			);
			name = Main.storyboard;
			sourceTree = "<group>";
		};
		CA127F811CA7CA6A00DEE218 /* LaunchScreen.storyboard */ = {
			isa = PBXVariantGroup;
			children = (
				CA127F821CA7CA6A00DEE218 /* Base */,
			);
			name = LaunchScreen.storyboard;
			sourceTree = "<group>";
		};
/* End PBXVariantGroup section */

/* Begin XCBuildConfiguration section */
		CA127F9B1CA7CA6A00DEE218 /* Debug */ = {
			isa = XCBuildConfiguration;
			buildSettings = {
				ALWAYS_SEARCH_USER_PATHS = NO;
				CLANG_CXX_LANGUAGE_STANDARD = "gnu++0x";
				CLANG_CXX_LIBRARY = "libc++";
				CLANG_ENABLE_MODULES = YES;
				CLANG_ENABLE_OBJC_ARC = YES;
				CLANG_WARN_BLOCK_CAPTURE_AUTORELEASING = YES;
				CLANG_WARN_BOOL_CONVERSION = YES;
				CLANG_WARN_COMMA = YES;
				CLANG_WARN_CONSTANT_CONVERSION = YES;
				CLANG_WARN_DEPRECATED_OBJC_IMPLEMENTATIONS = YES;
				CLANG_WARN_DIRECT_OBJC_ISA_USAGE = YES_ERROR;
				CLANG_WARN_EMPTY_BODY = YES;
				CLANG_WARN_ENUM_CONVERSION = YES;
				CLANG_WARN_INFINITE_RECURSION = YES;
				CLANG_WARN_INT_CONVERSION = YES;
				CLANG_WARN_NON_LITERAL_NULL_CONVERSION = YES;
				CLANG_WARN_OBJC_IMPLICIT_RETAIN_SELF = YES;
				CLANG_WARN_OBJC_LITERAL_CONVERSION = YES;
				CLANG_WARN_OBJC_ROOT_CLASS = YES_ERROR;
				CLANG_WARN_RANGE_LOOP_ANALYSIS = YES;
				CLANG_WARN_STRICT_PROTOTYPES = YES;
				CLANG_WARN_SUSPICIOUS_MOVE = YES;
				CLANG_WARN_UNREACHABLE_CODE = YES;
				CLANG_WARN__DUPLICATE_METHOD_MATCH = YES;
				CODE_SIGN_IDENTITY = "iPhone Developer: Chenchen Xi (RGGN9B7K8P)";
				"CODE_SIGN_IDENTITY[sdk=iphoneos*]" = "iPhone Developer: Chenchen Xi (RGGN9B7K8P)";
				COPY_PHASE_STRIP = NO;
				DEBUG_INFORMATION_FORMAT = dwarf;
				ENABLE_STRICT_OBJC_MSGSEND = YES;
				ENABLE_TESTABILITY = YES;
				GCC_C_LANGUAGE_STANDARD = gnu99;
				GCC_DYNAMIC_NO_PIC = NO;
				GCC_NO_COMMON_BLOCKS = YES;
				GCC_OPTIMIZATION_LEVEL = 0;
				GCC_PREPROCESSOR_DEFINITIONS = (
					"DEBUG=1",
					"$(inherited)",
				);
				GCC_WARN_64_TO_32_BIT_CONVERSION = YES;
				GCC_WARN_ABOUT_RETURN_TYPE = YES_ERROR;
				GCC_WARN_UNDECLARED_SELECTOR = YES;
				GCC_WARN_UNINITIALIZED_AUTOS = YES_AGGRESSIVE;
				GCC_WARN_UNUSED_FUNCTION = YES;
				GCC_WARN_UNUSED_VARIABLE = YES;
				IPHONEOS_DEPLOYMENT_TARGET = 8.0;
				MTL_ENABLE_DEBUG_INFO = YES;
				ONLY_ACTIVE_ARCH = YES;
				PROVISIONING_PROFILE = "3dd045cd-acd2-4d31-8343-66942be1aada";
				SDKROOT = iphoneos;
				SWIFT_SWIFT3_OBJC_INFERENCE = Default;
				TARGETED_DEVICE_FAMILY = "1,2";
			};
			name = Debug;
		};
		CA127F9C1CA7CA6A00DEE218 /* Release */ = {
			isa = XCBuildConfiguration;
			buildSettings = {
				ALWAYS_SEARCH_USER_PATHS = NO;
				CLANG_CXX_LANGUAGE_STANDARD = "gnu++0x";
				CLANG_CXX_LIBRARY = "libc++";
				CLANG_ENABLE_MODULES = YES;
				CLANG_ENABLE_OBJC_ARC = YES;
				CLANG_WARN_BLOCK_CAPTURE_AUTORELEASING = YES;
				CLANG_WARN_BOOL_CONVERSION = YES;
				CLANG_WARN_COMMA = YES;
				CLANG_WARN_CONSTANT_CONVERSION = YES;
				CLANG_WARN_DEPRECATED_OBJC_IMPLEMENTATIONS = YES;
				CLANG_WARN_DIRECT_OBJC_ISA_USAGE = YES_ERROR;
				CLANG_WARN_EMPTY_BODY = YES;
				CLANG_WARN_ENUM_CONVERSION = YES;
				CLANG_WARN_INFINITE_RECURSION = YES;
				CLANG_WARN_INT_CONVERSION = YES;
				CLANG_WARN_NON_LITERAL_NULL_CONVERSION = YES;
				CLANG_WARN_OBJC_IMPLICIT_RETAIN_SELF = YES;
				CLANG_WARN_OBJC_LITERAL_CONVERSION = YES;
				CLANG_WARN_OBJC_ROOT_CLASS = YES_ERROR;
				CLANG_WARN_RANGE_LOOP_ANALYSIS = YES;
				CLANG_WARN_STRICT_PROTOTYPES = YES;
				CLANG_WARN_SUSPICIOUS_MOVE = YES;
				CLANG_WARN_UNREACHABLE_CODE = YES;
				CLANG_WARN__DUPLICATE_METHOD_MATCH = YES;
				CODE_SIGN_IDENTITY = "iPhone Developer: Chenchen Xi (RGGN9B7K8P)";
				"CODE_SIGN_IDENTITY[sdk=iphoneos*]" = "iPhone Developer: Chenchen Xi (RGGN9B7K8P)";
				COPY_PHASE_STRIP = NO;
				DEBUG_INFORMATION_FORMAT = "dwarf-with-dsym";
				ENABLE_NS_ASSERTIONS = NO;
				ENABLE_STRICT_OBJC_MSGSEND = YES;
				GCC_C_LANGUAGE_STANDARD = gnu99;
				GCC_NO_COMMON_BLOCKS = YES;
				GCC_WARN_64_TO_32_BIT_CONVERSION = YES;
				GCC_WARN_ABOUT_RETURN_TYPE = YES_ERROR;
				GCC_WARN_UNDECLARED_SELECTOR = YES;
				GCC_WARN_UNINITIALIZED_AUTOS = YES_AGGRESSIVE;
				GCC_WARN_UNUSED_FUNCTION = YES;
				GCC_WARN_UNUSED_VARIABLE = YES;
				IPHONEOS_DEPLOYMENT_TARGET = 8.0;
				MTL_ENABLE_DEBUG_INFO = NO;
				PROVISIONING_PROFILE = "3dd045cd-acd2-4d31-8343-66942be1aada";
				SDKROOT = iphoneos;
				SWIFT_OPTIMIZATION_LEVEL = "-Owholemodule";
				SWIFT_SWIFT3_OBJC_INFERENCE = Default;
				TARGETED_DEVICE_FAMILY = "1,2";
				VALIDATE_PRODUCT = YES;
			};
			name = Release;
		};
		CA127F9E1CA7CA6A00DEE218 /* Debug */ = {
			isa = XCBuildConfiguration;
			baseConfigurationReference = 433C6221B3DF89A3B66F4976 /* Pods-MyTestIO.debug.xcconfig */;
			buildSettings = {
				ASSETCATALOG_COMPILER_APPICON_NAME = AppIcon;
				CLANG_ENABLE_MODULES = YES;
				"CODE_SIGN_IDENTITY[sdk=iphoneos*]" = "iPhone Developer";
				CODE_SIGN_STYLE = Automatic;
				DEVELOPMENT_TEAM = 2RL2W46M7J;
				ENABLE_BITCODE = NO;
				EXCLUDED_SOURCE_FILE_NAMES = "";
				GCC_PRECOMPILE_PREFIX_HEADER = YES;
				GCC_PREFIX_HEADER = "./MyTestIO/MyTestIO-Prefix.pch";
				HEADER_SEARCH_PATHS = (
					"$(inherited)",
					"\"${PODS_ROOT}/Headers/Public\"",
					"\"${PODS_ROOT}/Headers/Public/AsyncDisplayKit\"",
					"\"${PODS_ROOT}/Headers/Public/PINCache\"",
					"\"${PODS_ROOT}/Headers/Public/PINRemoteImage\"",
					"./ASDKTestOn4S/**",
				);
				INFOPLIST_FILE = MyTestIO/Info.plist;
				IPHONEOS_DEPLOYMENT_TARGET = 9.0;
				LD_GENERATE_MAP_FILE = YES;
				LD_RUNPATH_SEARCH_PATHS = "$(inherited) @executable_path/Frameworks";
				PRODUCT_BUNDLE_IDENTIFIER = yeio.ASDKTestOn4S;
				PRODUCT_NAME = "$(TARGET_NAME)";
				PROVISIONING_PROFILE = "";
				PROVISIONING_PROFILE_SPECIFIER = "";
				SWIFT_INCLUDE_PATHS = "";
				SWIFT_OBJC_BRIDGING_HEADER = "MyTestIO/MyTestIO-Bridging-Header.h";
				SWIFT_OPTIMIZATION_LEVEL = "-Onone";
				SWIFT_SWIFT3_OBJC_INFERENCE = Default;
				SWIFT_VERSION = 4.2;
				TARGETED_DEVICE_FAMILY = "1,2";
			};
			name = Debug;
		};
		CA127F9F1CA7CA6A00DEE218 /* Release */ = {
			isa = XCBuildConfiguration;
			baseConfigurationReference = B590F37E00518B058E20B1E5 /* Pods-MyTestIO.release.xcconfig */;
			buildSettings = {
				ASSETCATALOG_COMPILER_APPICON_NAME = AppIcon;
				CLANG_ENABLE_MODULES = YES;
				"CODE_SIGN_IDENTITY[sdk=iphoneos*]" = "iPhone Developer";
				CODE_SIGN_STYLE = Automatic;
				DEVELOPMENT_TEAM = 2RL2W46M7J;
				ENABLE_BITCODE = NO;
				EXCLUDED_SOURCE_FILE_NAMES = "FLEX*";
				GCC_PRECOMPILE_PREFIX_HEADER = YES;
				GCC_PREFIX_HEADER = "./MyTestIO/MyTestIO-Prefix.pch";
				HEADER_SEARCH_PATHS = (
					"$(inherited)",
					"\"${PODS_ROOT}/Headers/Public\"",
					"\"${PODS_ROOT}/Headers/Public/AsyncDisplayKit\"",
					"\"${PODS_ROOT}/Headers/Public/PINCache\"",
					"\"${PODS_ROOT}/Headers/Public/PINRemoteImage\"",
					"./ASDKTestOn4S/**",
				);
				INFOPLIST_FILE = MyTestIO/Info.plist;
				IPHONEOS_DEPLOYMENT_TARGET = 9.0;
				LD_GENERATE_MAP_FILE = YES;
				LD_RUNPATH_SEARCH_PATHS = "$(inherited) @executable_path/Frameworks";
				PRODUCT_BUNDLE_IDENTIFIER = yeio.ASDKTestOn4S;
				PRODUCT_NAME = "$(TARGET_NAME)";
				PROVISIONING_PROFILE_SPECIFIER = "";
				SWIFT_INCLUDE_PATHS = "";
				SWIFT_OBJC_BRIDGING_HEADER = "MyTestIO/MyTestIO-Bridging-Header.h";
				SWIFT_SWIFT3_OBJC_INFERENCE = Default;
				SWIFT_VERSION = 4.2;
				TARGETED_DEVICE_FAMILY = "1,2";
			};
			name = Release;
		};
/* End XCBuildConfiguration section */

/* Begin XCConfigurationList section */
		CA127F6B1CA7CA6A00DEE218 /* Build configuration list for PBXProject "MyTestIO" */ = {
			isa = XCConfigurationList;
			buildConfigurations = (
				CA127F9B1CA7CA6A00DEE218 /* Debug */,
				CA127F9C1CA7CA6A00DEE218 /* Release */,
			);
			defaultConfigurationIsVisible = 0;
			defaultConfigurationName = Release;
		};
		CA127F9D1CA7CA6A00DEE218 /* Build configuration list for PBXNativeTarget "MyTestIO" */ = {
			isa = XCConfigurationList;
			buildConfigurations = (
				CA127F9E1CA7CA6A00DEE218 /* Debug */,
				CA127F9F1CA7CA6A00DEE218 /* Release */,
			);
			defaultConfigurationIsVisible = 0;
			defaultConfigurationName = Release;
		};
/* End XCConfigurationList section */
	};
	rootObject = CA127F681CA7CA6A00DEE218 /* Project object */;
}
