// !$*UTF8*$!
{
	archiveVersion = 1;
	classes = {
	};
	objectVersion = 50;
	objects = {

/* Begin PBXBuildFile section */
		041C01BC24FE566D00E6CC95 /* AppDelegate.swift in Sources */ = {isa = PBXBuildFile; fileRef = 041C01BB24FE566D00E6CC95 /* AppDelegate.swift */; };
		041C01BE24FE566D00E6CC95 /* SceneDelegate.swift in Sources */ = {isa = PBXBuildFile; fileRef = 041C01BD24FE566D00E6CC95 /* SceneDelegate.swift */; };
		041C01C024FE566D00E6CC95 /* ViewController.swift in Sources */ = {isa = PBXBuildFile; fileRef = 041C01BF24FE566D00E6CC95 /* ViewController.swift */; };
		041C01C324FE566D00E6CC95 /* Main.storyboard in Resources */ = {isa = PBXBuildFile; fileRef = 041C01C124FE566D00E6CC95 /* Main.storyboard */; };
		041C01C524FE567100E6CC95 /* Assets.xcassets in Resources */ = {isa = PBXBuildFile; fileRef = 041C01C424FE567100E6CC95 /* Assets.xcassets */; };
		041C01C824FE567100E6CC95 /* LaunchScreen.storyboard in Resources */ = {isa = PBXBuildFile; fileRef = 041C01C624FE567100E6CC95 /* LaunchScreen.storyboard */; };
		041C01D324FE567100E6CC95 /* MyLeetCodeTests.swift in Sources */ = {isa = PBXBuildFile; fileRef = 041C01D224FE567100E6CC95 /* MyLeetCodeTests.swift */; };
		041C01DE24FE567100E6CC95 /* MyLeetCodeUITests.swift in Sources */ = {isa = PBXBuildFile; fileRef = 041C01DD24FE567100E6CC95 /* MyLeetCodeUITests.swift */; };
		041C01EC2501C42F00E6CC95 /* ArrayCode.swift in Sources */ = {isa = PBXBuildFile; fileRef = 041C01EB2501C42F00E6CC95 /* ArrayCode.swift */; };
		041C01EE250206ED00E6CC95 /* StringCode.swift in Sources */ = {isa = PBXBuildFile; fileRef = 041C01ED250206ED00E6CC95 /* StringCode.swift */; };
		041C01F025022F9500E6CC95 /* LinkListCode.swift in Sources */ = {isa = PBXBuildFile; fileRef = 041C01EF25022F9500E6CC95 /* LinkListCode.swift */; };
		041C01F2250231C300E6CC95 /* TreeCode.swift in Sources */ = {isa = PBXBuildFile; fileRef = 041C01F1250231C300E6CC95 /* TreeCode.swift */; };
		3A06007B281D2E34004D8C27 /* GreedyCode.swift in Sources */ = {isa = PBXBuildFile; fileRef = 3A06007A281D2E34004D8C27 /* GreedyCode.swift */; };
		3A06007F281D302F004D8C27 /* LeetCode.swift in Sources */ = {isa = PBXBuildFile; fileRef = 3A06007E281D302F004D8C27 /* LeetCode.swift */; };
		3A060082281E3F2C004D8C27 /* CodesList.plist in Resources */ = {isa = PBXBuildFile; fileRef = 3A060081281E3F2C004D8C27 /* CodesList.plist */; };
/* End PBXBuildFile section */

/* Begin PBXContainerItemProxy section */
		041C01CF24FE567100E6CC95 /* PBXContainerItemProxy */ = {
			isa = PBXContainerItemProxy;
			containerPortal = 041C01B024FE566D00E6CC95 /* Project object */;
			proxyType = 1;
			remoteGlobalIDString = 041C01B724FE566D00E6CC95;
			remoteInfo = MyLeetCode;
		};
		041C01DA24FE567100E6CC95 /* PBXContainerItemProxy */ = {
			isa = PBXContainerItemProxy;
			containerPortal = 041C01B024FE566D00E6CC95 /* Project object */;
			proxyType = 1;
			remoteGlobalIDString = 041C01B724FE566D00E6CC95;
			remoteInfo = MyLeetCode;
		};
/* End PBXContainerItemProxy section */

/* Begin PBXFileReference section */
		041C01B824FE566D00E6CC95 /* MyLeetCode.app */ = {isa = PBXFileReference; explicitFileType = wrapper.application; includeInIndex = 0; path = MyLeetCode.app; sourceTree = BUILT_PRODUCTS_DIR; };
		041C01BB24FE566D00E6CC95 /* AppDelegate.swift */ = {isa = PBXFileReference; lastKnownFileType = sourcecode.swift; path = AppDelegate.swift; sourceTree = "<group>"; };
		041C01BD24FE566D00E6CC95 /* SceneDelegate.swift */ = {isa = PBXFileReference; lastKnownFileType = sourcecode.swift; path = SceneDelegate.swift; sourceTree = "<group>"; };
		041C01BF24FE566D00E6CC95 /* ViewController.swift */ = {isa = PBXFileReference; lastKnownFileType = sourcecode.swift; path = ViewController.swift; sourceTree = "<group>"; };
		041C01C224FE566D00E6CC95 /* Base */ = {isa = PBXFileReference; lastKnownFileType = file.storyboard; name = Base; path = Base.lproj/Main.storyboard; sourceTree = "<group>"; };
		041C01C424FE567100E6CC95 /* Assets.xcassets */ = {isa = PBXFileReference; lastKnownFileType = folder.assetcatalog; path = Assets.xcassets; sourceTree = "<group>"; };
		041C01C724FE567100E6CC95 /* Base */ = {isa = PBXFileReference; lastKnownFileType = file.storyboard; name = Base; path = Base.lproj/LaunchScreen.storyboard; sourceTree = "<group>"; };
		041C01C924FE567100E6CC95 /* Info.plist */ = {isa = PBXFileReference; lastKnownFileType = text.plist.xml; path = Info.plist; sourceTree = "<group>"; };
		041C01CE24FE567100E6CC95 /* MyLeetCodeTests.xctest */ = {isa = PBXFileReference; explicitFileType = wrapper.cfbundle; includeInIndex = 0; path = MyLeetCodeTests.xctest; sourceTree = BUILT_PRODUCTS_DIR; };
		041C01D224FE567100E6CC95 /* MyLeetCodeTests.swift */ = {isa = PBXFileReference; lastKnownFileType = sourcecode.swift; path = MyLeetCodeTests.swift; sourceTree = "<group>"; };
		041C01D424FE567100E6CC95 /* Info.plist */ = {isa = PBXFileReference; lastKnownFileType = text.plist.xml; path = Info.plist; sourceTree = "<group>"; };
		041C01D924FE567100E6CC95 /* MyLeetCodeUITests.xctest */ = {isa = PBXFileReference; explicitFileType = wrapper.cfbundle; includeInIndex = 0; path = MyLeetCodeUITests.xctest; sourceTree = BUILT_PRODUCTS_DIR; };
		041C01DD24FE567100E6CC95 /* MyLeetCodeUITests.swift */ = {isa = PBXFileReference; lastKnownFileType = sourcecode.swift; path = MyLeetCodeUITests.swift; sourceTree = "<group>"; };
		041C01DF24FE567100E6CC95 /* Info.plist */ = {isa = PBXFileReference; lastKnownFileType = text.plist.xml; path = Info.plist; sourceTree = "<group>"; };
		041C01EB2501C42F00E6CC95 /* ArrayCode.swift */ = {isa = PBXFileReference; lastKnownFileType = sourcecode.swift; path = ArrayCode.swift; sourceTree = "<group>"; };
		041C01ED250206ED00E6CC95 /* StringCode.swift */ = {isa = PBXFileReference; lastKnownFileType = sourcecode.swift; path = StringCode.swift; sourceTree = "<group>"; };
		041C01EF25022F9500E6CC95 /* LinkListCode.swift */ = {isa = PBXFileReference; lastKnownFileType = sourcecode.swift; path = LinkListCode.swift; sourceTree = "<group>"; };
		041C01F1250231C300E6CC95 /* TreeCode.swift */ = {isa = PBXFileReference; lastKnownFileType = sourcecode.swift; path = TreeCode.swift; sourceTree = "<group>"; };
		3A06007A281D2E34004D8C27 /* GreedyCode.swift */ = {isa = PBXFileReference; lastKnownFileType = sourcecode.swift; path = GreedyCode.swift; sourceTree = "<group>"; };
		3A06007E281D302F004D8C27 /* LeetCode.swift */ = {isa = PBXFileReference; lastKnownFileType = sourcecode.swift; path = LeetCode.swift; sourceTree = "<group>"; };
		3A060081281E3F2C004D8C27 /* CodesList.plist */ = {isa = PBXFileReference; lastKnownFileType = text.plist.xml; path = CodesList.plist; sourceTree = "<group>"; };
/* End PBXFileReference section */

/* Begin PBXFrameworksBuildPhase section */
		041C01B524FE566D00E6CC95 /* Frameworks */ = {
			isa = PBXFrameworksBuildPhase;
			buildActionMask = 2147483647;
			files = (
			);
			runOnlyForDeploymentPostprocessing = 0;
		};
		041C01CB24FE567100E6CC95 /* Frameworks */ = {
			isa = PBXFrameworksBuildPhase;
			buildActionMask = 2147483647;
			files = (
			);
			runOnlyForDeploymentPostprocessing = 0;
		};
		041C01D624FE567100E6CC95 /* Frameworks */ = {
			isa = PBXFrameworksBuildPhase;
			buildActionMask = 2147483647;
			files = (
			);
			runOnlyForDeploymentPostprocessing = 0;
		};
/* End PBXFrameworksBuildPhase section */

/* Begin PBXGroup section */
		041C01AF24FE566D00E6CC95 = {
			isa = PBXGroup;
			children = (
				041C01BA24FE566D00E6CC95 /* MyLeetCode */,
				041C01D124FE567100E6CC95 /* MyLeetCodeTests */,
				041C01DC24FE567100E6CC95 /* MyLeetCodeUITests */,
				041C01B924FE566D00E6CC95 /* Products */,
			);
			sourceTree = "<group>";
		};
		041C01B924FE566D00E6CC95 /* Products */ = {
			isa = PBXGroup;
			children = (
				041C01B824FE566D00E6CC95 /* MyLeetCode.app */,
				041C01CE24FE567100E6CC95 /* MyLeetCodeTests.xctest */,
				041C01D924FE567100E6CC95 /* MyLeetCodeUITests.xctest */,
			);
			name = Products;
			sourceTree = "<group>";
		};
		041C01BA24FE566D00E6CC95 /* MyLeetCode */ = {
			isa = PBXGroup;
			children = (
				041C01BB24FE566D00E6CC95 /* AppDelegate.swift */,
				041C01BD24FE566D00E6CC95 /* SceneDelegate.swift */,
				041C01BF24FE566D00E6CC95 /* ViewController.swift */,
				3A06007E281D302F004D8C27 /* LeetCode.swift */,
				3A060080281D3186004D8C27 /* Categories */,
				041C01C124FE566D00E6CC95 /* Main.storyboard */,
				041C01C424FE567100E6CC95 /* Assets.xcassets */,
				041C01C624FE567100E6CC95 /* LaunchScreen.storyboard */,
				041C01C924FE567100E6CC95 /* Info.plist */,
				3A060081281E3F2C004D8C27 /* CodesList.plist */,
			);
			path = MyLeetCode;
			sourceTree = "<group>";
		};
		041C01D124FE567100E6CC95 /* MyLeetCodeTests */ = {
			isa = PBXGroup;
			children = (
				041C01D224FE567100E6CC95 /* MyLeetCodeTests.swift */,
				041C01D424FE567100E6CC95 /* Info.plist */,
			);
			path = MyLeetCodeTests;
			sourceTree = "<group>";
		};
		041C01DC24FE567100E6CC95 /* MyLeetCodeUITests */ = {
			isa = PBXGroup;
			children = (
				041C01DD24FE567100E6CC95 /* MyLeetCodeUITests.swift */,
				041C01DF24FE567100E6CC95 /* Info.plist */,
			);
			path = MyLeetCodeUITests;
			sourceTree = "<group>";
		};
		3A060080281D3186004D8C27 /* Categories */ = {
			isa = PBXGroup;
			children = (
				041C01EB2501C42F00E6CC95 /* ArrayCode.swift */,
				041C01ED250206ED00E6CC95 /* StringCode.swift */,
				041C01EF25022F9500E6CC95 /* LinkListCode.swift */,
				041C01F1250231C300E6CC95 /* TreeCode.swift */,
				3A06007A281D2E34004D8C27 /* GreedyCode.swift */,
			);
			path = Categories;
			sourceTree = "<group>";
		};
/* End PBXGroup section */

/* Begin PBXNativeTarget section */
		041C01B724FE566D00E6CC95 /* MyLeetCode */ = {
			isa = PBXNativeTarget;
			buildConfigurationList = 041C01E224FE567100E6CC95 /* Build configuration list for PBXNativeTarget "MyLeetCode" */;
			buildPhases = (
				041C01B424FE566D00E6CC95 /* Sources */,
				041C01B524FE566D00E6CC95 /* Frameworks */,
				041C01B624FE566D00E6CC95 /* Resources */,
			);
			buildRules = (
			);
			dependencies = (
			);
			name = MyLeetCode;
			productName = MyLeetCode;
			productReference = 041C01B824FE566D00E6CC95 /* MyLeetCode.app */;
			productType = "com.apple.product-type.application";
		};
		041C01CD24FE567100E6CC95 /* MyLeetCodeTests */ = {
			isa = PBXNativeTarget;
			buildConfigurationList = 041C01E524FE567100E6CC95 /* Build configuration list for PBXNativeTarget "MyLeetCodeTests" */;
			buildPhases = (
				041C01CA24FE567100E6CC95 /* Sources */,
				041C01CB24FE567100E6CC95 /* Frameworks */,
				041C01CC24FE567100E6CC95 /* Resources */,
			);
			buildRules = (
			);
			dependencies = (
				041C01D024FE567100E6CC95 /* PBXTargetDependency */,
			);
			name = MyLeetCodeTests;
			productName = MyLeetCodeTests;
			productReference = 041C01CE24FE567100E6CC95 /* MyLeetCodeTests.xctest */;
			productType = "com.apple.product-type.bundle.unit-test";
		};
		041C01D824FE567100E6CC95 /* MyLeetCodeUITests */ = {
			isa = PBXNativeTarget;
			buildConfigurationList = 041C01E824FE567100E6CC95 /* Build configuration list for PBXNativeTarget "MyLeetCodeUITests" */;
			buildPhases = (
				041C01D524FE567100E6CC95 /* Sources */,
				041C01D624FE567100E6CC95 /* Frameworks */,
				041C01D724FE567100E6CC95 /* Resources */,
			);
			buildRules = (
			);
			dependencies = (
				041C01DB24FE567100E6CC95 /* PBXTargetDependency */,
			);
			name = MyLeetCodeUITests;
			productName = MyLeetCodeUITests;
			productReference = 041C01D924FE567100E6CC95 /* MyLeetCodeUITests.xctest */;
			productType = "com.apple.product-type.bundle.ui-testing";
		};
/* End PBXNativeTarget section */

/* Begin PBXProject section */
		041C01B024FE566D00E6CC95 /* Project object */ = {
			isa = PBXProject;
			attributes = {
				LastSwiftUpdateCheck = 1150;
				LastUpgradeCheck = 1250;
				ORGANIZATIONNAME = Argost;
				TargetAttributes = {
					041C01B724FE566D00E6CC95 = {
						CreatedOnToolsVersion = 11.5;
					};
					041C01CD24FE567100E6CC95 = {
						CreatedOnToolsVersion = 11.5;
						TestTargetID = 041C01B724FE566D00E6CC95;
					};
					041C01D824FE567100E6CC95 = {
						CreatedOnToolsVersion = 11.5;
						TestTargetID = 041C01B724FE566D00E6CC95;
					};
				};
			};
			buildConfigurationList = 041C01B324FE566D00E6CC95 /* Build configuration list for PBXProject "MyLeetCode" */;
			compatibilityVersion = "Xcode 9.3";
			developmentRegion = en;
			hasScannedForEncodings = 0;
			knownRegions = (
				en,
				Base,
			);
			mainGroup = 041C01AF24FE566D00E6CC95;
			productRefGroup = 041C01B924FE566D00E6CC95 /* Products */;
			projectDirPath = "";
			projectRoot = "";
			targets = (
				041C01B724FE566D00E6CC95 /* MyLeetCode */,
				041C01CD24FE567100E6CC95 /* MyLeetCodeTests */,
				041C01D824FE567100E6CC95 /* MyLeetCodeUITests */,
			);
		};
/* End PBXProject section */

/* Begin PBXResourcesBuildPhase section */
		041C01B624FE566D00E6CC95 /* Resources */ = {
			isa = PBXResourcesBuildPhase;
			buildActionMask = 2147483647;
			files = (
				041C01C824FE567100E6CC95 /* LaunchScreen.storyboard in Resources */,
				041C01C524FE567100E6CC95 /* Assets.xcassets in Resources */,
				041C01C324FE566D00E6CC95 /* Main.storyboard in Resources */,
				3A060082281E3F2C004D8C27 /* CodesList.plist in Resources */,
			);
			runOnlyForDeploymentPostprocessing = 0;
		};
		041C01CC24FE567100E6CC95 /* Resources */ = {
			isa = PBXResourcesBuildPhase;
			buildActionMask = 2147483647;
			files = (
			);
			runOnlyForDeploymentPostprocessing = 0;
		};
		041C01D724FE567100E6CC95 /* Resources */ = {
			isa = PBXResourcesBuildPhase;
			buildActionMask = 2147483647;
			files = (
			);
			runOnlyForDeploymentPostprocessing = 0;
		};
/* End PBXResourcesBuildPhase section */

/* Begin PBXSourcesBuildPhase section */
		041C01B424FE566D00E6CC95 /* Sources */ = {
			isa = PBXSourcesBuildPhase;
			buildActionMask = 2147483647;
			files = (
				041C01F2250231C300E6CC95 /* TreeCode.swift in Sources */,
				041C01EC2501C42F00E6CC95 /* ArrayCode.swift in Sources */,
				041C01F025022F9500E6CC95 /* LinkListCode.swift in Sources */,
				041C01C024FE566D00E6CC95 /* ViewController.swift in Sources */,
				041C01BC24FE566D00E6CC95 /* AppDelegate.swift in Sources */,
				3A06007F281D302F004D8C27 /* LeetCode.swift in Sources */,
				041C01EE250206ED00E6CC95 /* StringCode.swift in Sources */,
				041C01BE24FE566D00E6CC95 /* SceneDelegate.swift in Sources */,
				3A06007B281D2E34004D8C27 /* GreedyCode.swift in Sources */,
			);
			runOnlyForDeploymentPostprocessing = 0;
		};
		041C01CA24FE567100E6CC95 /* Sources */ = {
			isa = PBXSourcesBuildPhase;
			buildActionMask = 2147483647;
			files = (
				041C01D324FE567100E6CC95 /* MyLeetCodeTests.swift in Sources */,
			);
			runOnlyForDeploymentPostprocessing = 0;
		};
		041C01D524FE567100E6CC95 /* Sources */ = {
			isa = PBXSourcesBuildPhase;
			buildActionMask = 2147483647;
			files = (
				041C01DE24FE567100E6CC95 /* MyLeetCodeUITests.swift in Sources */,
			);
			runOnlyForDeploymentPostprocessing = 0;
		};
/* End PBXSourcesBuildPhase section */

/* Begin PBXTargetDependency section */
		041C01D024FE567100E6CC95 /* PBXTargetDependency */ = {
			isa = PBXTargetDependency;
			target = 041C01B724FE566D00E6CC95 /* MyLeetCode */;
			targetProxy = 041C01CF24FE567100E6CC95 /* PBXContainerItemProxy */;
		};
		041C01DB24FE567100E6CC95 /* PBXTargetDependency */ = {
			isa = PBXTargetDependency;
			target = 041C01B724FE566D00E6CC95 /* MyLeetCode */;
			targetProxy = 041C01DA24FE567100E6CC95 /* PBXContainerItemProxy */;
		};
/* End PBXTargetDependency section */

/* Begin PBXVariantGroup section */
		041C01C124FE566D00E6CC95 /* Main.storyboard */ = {
			isa = PBXVariantGroup;
			children = (
				041C01C224FE566D00E6CC95 /* Base */,
			);
			name = Main.storyboard;
			sourceTree = "<group>";
		};
		041C01C624FE567100E6CC95 /* LaunchScreen.storyboard */ = {
			isa = PBXVariantGroup;
			children = (
				041C01C724FE567100E6CC95 /* Base */,
			);
			name = LaunchScreen.storyboard;
			sourceTree = "<group>";
		};
/* End PBXVariantGroup section */

/* Begin XCBuildConfiguration section */
		041C01E024FE567100E6CC95 /* Debug */ = {
			isa = XCBuildConfiguration;
			buildSettings = {
				ALWAYS_SEARCH_USER_PATHS = NO;
				CLANG_ANALYZER_NONNULL = YES;
				CLANG_ANALYZER_NUMBER_OBJECT_CONVERSION = YES_AGGRESSIVE;
				CLANG_CXX_LANGUAGE_STANDARD = "gnu++14";
				CLANG_CXX_LIBRARY = "libc++";
				CLANG_ENABLE_MODULES = YES;
				CLANG_ENABLE_OBJC_ARC = YES;
				CLANG_ENABLE_OBJC_WEAK = YES;
				CLANG_WARN_BLOCK_CAPTURE_AUTORELEASING = YES;
				CLANG_WARN_BOOL_CONVERSION = YES;
				CLANG_WARN_COMMA = YES;
				CLANG_WARN_CONSTANT_CONVERSION = YES;
				CLANG_WARN_DEPRECATED_OBJC_IMPLEMENTATIONS = YES;
				CLANG_WARN_DIRECT_OBJC_ISA_USAGE = YES_ERROR;
				CLANG_WARN_DOCUMENTATION_COMMENTS = YES;
				CLANG_WARN_EMPTY_BODY = YES;
				CLANG_WARN_ENUM_CONVERSION = YES;
				CLANG_WARN_INFINITE_RECURSION = YES;
				CLANG_WARN_INT_CONVERSION = YES;
				CLANG_WARN_NON_LITERAL_NULL_CONVERSION = YES;
				CLANG_WARN_OBJC_IMPLICIT_RETAIN_SELF = YES;
				CLANG_WARN_OBJC_LITERAL_CONVERSION = YES;
				CLANG_WARN_OBJC_ROOT_CLASS = YES_ERROR;
				CLANG_WARN_QUOTED_INCLUDE_IN_FRAMEWORK_HEADER = YES;
				CLANG_WARN_RANGE_LOOP_ANALYSIS = YES;
				CLANG_WARN_STRICT_PROTOTYPES = YES;
				CLANG_WARN_SUSPICIOUS_MOVE = YES;
				CLANG_WARN_UNGUARDED_AVAILABILITY = YES_AGGRESSIVE;
				CLANG_WARN_UNREACHABLE_CODE = YES;
				CLANG_WARN__DUPLICATE_METHOD_MATCH = YES;
				COPY_PHASE_STRIP = NO;
				DEBUG_INFORMATION_FORMAT = dwarf;
				ENABLE_STRICT_OBJC_MSGSEND = YES;
				ENABLE_TESTABILITY = YES;
				GCC_C_LANGUAGE_STANDARD = gnu11;
				GCC_DYNAMIC_NO_PIC = NO;
				GCC_NO_COMMON_BLOCKS = YES;
				GCC_OPTIMIZATION_LEVEL = 0;
				GCC_PREPROCESSOR_DEFINITIONS = (
					"DEBUG=1",
					"$(inherited)",
				);
				GCC_WARN_64_TO_32_BIT_CONVERSION = YES;
				GCC_WARN_ABOUT_RETURN_TYPE = YES_ERROR;
				GCC_WARN_UNDECLARED_SELECTOR = YES;
				GCC_WARN_UNINITIALIZED_AUTOS = YES_AGGRESSIVE;
				GCC_WARN_UNUSED_FUNCTION = YES;
				GCC_WARN_UNUSED_VARIABLE = YES;
				IPHONEOS_DEPLOYMENT_TARGET = 13.5;
				MTL_ENABLE_DEBUG_INFO = INCLUDE_SOURCE;
				MTL_FAST_MATH = YES;
				ONLY_ACTIVE_ARCH = YES;
				SDKROOT = iphoneos;
				SWIFT_ACTIVE_COMPILATION_CONDITIONS = DEBUG;
				SWIFT_OPTIMIZATION_LEVEL = "-Onone";
			};
			name = Debug;
		};
		041C01E124FE567100E6CC95 /* Release */ = {
			isa = XCBuildConfiguration;
			buildSettings = {
				ALWAYS_SEARCH_USER_PATHS = NO;
				CLANG_ANALYZER_NONNULL = YES;
				CLANG_ANALYZER_NUMBER_OBJECT_CONVERSION = YES_AGGRESSIVE;
				CLANG_CXX_LANGUAGE_STANDARD = "gnu++14";
				CLANG_CXX_LIBRARY = "libc++";
				CLANG_ENABLE_MODULES = YES;
				CLANG_ENABLE_OBJC_ARC = YES;
				CLANG_ENABLE_OBJC_WEAK = YES;
				CLANG_WARN_BLOCK_CAPTURE_AUTORELEASING = YES;
				CLANG_WARN_BOOL_CONVERSION = YES;
				CLANG_WARN_COMMA = YES;
				CLANG_WARN_CONSTANT_CONVERSION = YES;
				CLANG_WARN_DEPRECATED_OBJC_IMPLEMENTATIONS = YES;
				CLANG_WARN_DIRECT_OBJC_ISA_USAGE = YES_ERROR;
				CLANG_WARN_DOCUMENTATION_COMMENTS = YES;
				CLANG_WARN_EMPTY_BODY = YES;
				CLANG_WARN_ENUM_CONVERSION = YES;
				CLANG_WARN_INFINITE_RECURSION = YES;
				CLANG_WARN_INT_CONVERSION = YES;
				CLANG_WARN_NON_LITERAL_NULL_CONVERSION = YES;
				CLANG_WARN_OBJC_IMPLICIT_RETAIN_SELF = YES;
				CLANG_WARN_OBJC_LITERAL_CONVERSION = YES;
				CLANG_WARN_OBJC_ROOT_CLASS = YES_ERROR;
				CLANG_WARN_QUOTED_INCLUDE_IN_FRAMEWORK_HEADER = YES;
				CLANG_WARN_RANGE_LOOP_ANALYSIS = YES;
				CLANG_WARN_STRICT_PROTOTYPES = YES;
				CLANG_WARN_SUSPICIOUS_MOVE = YES;
				CLANG_WARN_UNGUARDED_AVAILABILITY = YES_AGGRESSIVE;
				CLANG_WARN_UNREACHABLE_CODE = YES;
				CLANG_WARN__DUPLICATE_METHOD_MATCH = YES;
				COPY_PHASE_STRIP = NO;
				DEBUG_INFORMATION_FORMAT = "dwarf-with-dsym";
				ENABLE_NS_ASSERTIONS = NO;
				ENABLE_STRICT_OBJC_MSGSEND = YES;
				GCC_C_LANGUAGE_STANDARD = gnu11;
				GCC_NO_COMMON_BLOCKS = YES;
				GCC_WARN_64_TO_32_BIT_CONVERSION = YES;
				GCC_WARN_ABOUT_RETURN_TYPE = YES_ERROR;
				GCC_WARN_UNDECLARED_SELECTOR = YES;
				GCC_WARN_UNINITIALIZED_AUTOS = YES_AGGRESSIVE;
				GCC_WARN_UNUSED_FUNCTION = YES;
				GCC_WARN_UNUSED_VARIABLE = YES;
				IPHONEOS_DEPLOYMENT_TARGET = 13.5;
				MTL_ENABLE_DEBUG_INFO = NO;
				MTL_FAST_MATH = YES;
				SDKROOT = iphoneos;
				SWIFT_COMPILATION_MODE = wholemodule;
				SWIFT_OPTIMIZATION_LEVEL = "-O";
				VALIDATE_PRODUCT = YES;
			};
			name = Release;
		};
		041C01E324FE567100E6CC95 /* Debug */ = {
			isa = XCBuildConfiguration;
			buildSettings = {
				ASSETCATALOG_COMPILER_APPICON_NAME = AppIcon;
				CODE_SIGN_STYLE = Automatic;
				DEVELOPMENT_TEAM = 3G54AQQZ5A;
				INFOPLIST_FILE = MyLeetCode/Info.plist;
				LD_RUNPATH_SEARCH_PATHS = (
					"$(inherited)",
					"@executable_path/Frameworks",
				);
				PRODUCT_BUNDLE_IDENTIFIER = Ye.MyLeetCode;
				PRODUCT_NAME = "$(TARGET_NAME)";
				SWIFT_VERSION = 5.0;
				TARGETED_DEVICE_FAMILY = "1,2";
			};
			name = Debug;
		};
		041C01E424FE567100E6CC95 /* Release */ = {
			isa = XCBuildConfiguration;
			buildSettings = {
				ASSETCATALOG_COMPILER_APPICON_NAME = AppIcon;
				CODE_SIGN_STYLE = Automatic;
				DEVELOPMENT_TEAM = 3G54AQQZ5A;
				INFOPLIST_FILE = MyLeetCode/Info.plist;
				LD_RUNPATH_SEARCH_PATHS = (
					"$(inherited)",
					"@executable_path/Frameworks",
				);
				PRODUCT_BUNDLE_IDENTIFIER = Ye.MyLeetCode;
				PRODUCT_NAME = "$(TARGET_NAME)";
				SWIFT_VERSION = 5.0;
				TARGETED_DEVICE_FAMILY = "1,2";
			};
			name = Release;
		};
		041C01E624FE567100E6CC95 /* Debug */ = {
			isa = XCBuildConfiguration;
			buildSettings = {
				ALWAYS_EMBED_SWIFT_STANDARD_LIBRARIES = YES;
				BUNDLE_LOADER = "$(TEST_HOST)";
				CODE_SIGN_STYLE = Automatic;
				DEVELOPMENT_TEAM = 3G54AQQZ5A;
				INFOPLIST_FILE = MyLeetCodeTests/Info.plist;
				IPHONEOS_DEPLOYMENT_TARGET = 13.5;
				LD_RUNPATH_SEARCH_PATHS = (
					"$(inherited)",
					"@executable_path/Frameworks",
					"@loader_path/Frameworks",
				);
				PRODUCT_BUNDLE_IDENTIFIER = Ye.MyLeetCodeTests;
				PRODUCT_NAME = "$(TARGET_NAME)";
				SWIFT_VERSION = 5.0;
				TARGETED_DEVICE_FAMILY = "1,2";
				TEST_HOST = "$(BUILT_PRODUCTS_DIR)/MyLeetCode.app/MyLeetCode";
			};
			name = Debug;
		};
		041C01E724FE567100E6CC95 /* Release */ = {
			isa = XCBuildConfiguration;
			buildSettings = {
				ALWAYS_EMBED_SWIFT_STANDARD_LIBRARIES = YES;
				BUNDLE_LOADER = "$(TEST_HOST)";
				CODE_SIGN_STYLE = Automatic;
				DEVELOPMENT_TEAM = 3G54AQQZ5A;
				INFOPLIST_FILE = MyLeetCodeTests/Info.plist;
				IPHONEOS_DEPLOYMENT_TARGET = 13.5;
				LD_RUNPATH_SEARCH_PATHS = (
					"$(inherited)",
					"@executable_path/Frameworks",
					"@loader_path/Frameworks",
				);
				PRODUCT_BUNDLE_IDENTIFIER = Ye.MyLeetCodeTests;
				PRODUCT_NAME = "$(TARGET_NAME)";
				SWIFT_VERSION = 5.0;
				TARGETED_DEVICE_FAMILY = "1,2";
				TEST_HOST = "$(BUILT_PRODUCTS_DIR)/MyLeetCode.app/MyLeetCode";
			};
			name = Release;
		};
		041C01E924FE567100E6CC95 /* Debug */ = {
			isa = XCBuildConfiguration;
			buildSettings = {
				ALWAYS_EMBED_SWIFT_STANDARD_LIBRARIES = YES;
				CODE_SIGN_STYLE = Automatic;
				DEVELOPMENT_TEAM = 3G54AQQZ5A;
				INFOPLIST_FILE = MyLeetCodeUITests/Info.plist;
				LD_RUNPATH_SEARCH_PATHS = (
					"$(inherited)",
					"@executable_path/Frameworks",
					"@loader_path/Frameworks",
				);
				PRODUCT_BUNDLE_IDENTIFIER = Ye.MyLeetCodeUITests;
				PRODUCT_NAME = "$(TARGET_NAME)";
				SWIFT_VERSION = 5.0;
				TARGETED_DEVICE_FAMILY = "1,2";
				TEST_TARGET_NAME = MyLeetCode;
			};
			name = Debug;
		};
		041C01EA24FE567100E6CC95 /* Release */ = {
			isa = XCBuildConfiguration;
			buildSettings = {
				ALWAYS_EMBED_SWIFT_STANDARD_LIBRARIES = YES;
				CODE_SIGN_STYLE = Automatic;
				DEVELOPMENT_TEAM = 3G54AQQZ5A;
				INFOPLIST_FILE = MyLeetCodeUITests/Info.plist;
				LD_RUNPATH_SEARCH_PATHS = (
					"$(inherited)",
					"@executable_path/Frameworks",
					"@loader_path/Frameworks",
				);
				PRODUCT_BUNDLE_IDENTIFIER = Ye.MyLeetCodeUITests;
				PRODUCT_NAME = "$(TARGET_NAME)";
				SWIFT_VERSION = 5.0;
				TARGETED_DEVICE_FAMILY = "1,2";
				TEST_TARGET_NAME = MyLeetCode;
			};
			name = Release;
		};
/* End XCBuildConfiguration section */

/* Begin XCConfigurationList section */
		041C01B324FE566D00E6CC95 /* Build configuration list for PBXProject "MyLeetCode" */ = {
			isa = XCConfigurationList;
			buildConfigurations = (
				041C01E024FE567100E6CC95 /* Debug */,
				041C01E124FE567100E6CC95 /* Release */,
			);
			defaultConfigurationIsVisible = 0;
			defaultConfigurationName = Release;
		};
		041C01E224FE567100E6CC95 /* Build configuration list for PBXNativeTarget "MyLeetCode" */ = {
			isa = XCConfigurationList;
			buildConfigurations = (
				041C01E324FE567100E6CC95 /* Debug */,
				041C01E424FE567100E6CC95 /* Release */,
			);
			defaultConfigurationIsVisible = 0;
			defaultConfigurationName = Release;
		};
		041C01E524FE567100E6CC95 /* Build configuration list for PBXNativeTarget "MyLeetCodeTests" */ = {
			isa = XCConfigurationList;
			buildConfigurations = (
				041C01E624FE567100E6CC95 /* Debug */,
				041C01E724FE567100E6CC95 /* Release */,
			);
			defaultConfigurationIsVisible = 0;
			defaultConfigurationName = Release;
		};
		041C01E824FE567100E6CC95 /* Build configuration list for PBXNativeTarget "MyLeetCodeUITests" */ = {
			isa = XCConfigurationList;
			buildConfigurations = (
				041C01E924FE567100E6CC95 /* Debug */,
				041C01EA24FE567100E6CC95 /* Release */,
			);
			defaultConfigurationIsVisible = 0;
			defaultConfigurationName = Release;
		};
/* End XCConfigurationList section */
	};
	rootObject = 041C01B024FE566D00E6CC95 /* Project object */;
}
