PODS:
  - FBRetainCycleDetector (0.1.4)
  - FLEX (4.3.0)
  - Flutter (1.0.0)
  - FlutterPluginRegistrant (0.0.1):
    - Flutter
    - fluttertoast
  - fluttertoast (0.0.2):
    - Flutter
  - Masonry (1.1.0)
  - MLeaksFinder (1.0.0):
    - FBRetainCycleDetector
  - my_flutter (0.0.1):
    - Flutter

DEPENDENCIES:
  - FLEX
  - Flutter (from `my_flutter/.ios/Flutter/engine`)
  - FlutterPluginRegistrant (from `my_flutter/.ios/Flutter/FlutterPluginRegistrant`)
  - fluttertoast (from `my_flutter/.ios/Flutter/.symlinks/fluttertoast/ios`)
  - Masonry
  - MLeaksFinder
  - my_flutter (from `my_flutter/.ios/Flutter`)

SPEC REPOS:
  https://github.com/CocoaPods/Specs.git:
    - FBRetainCycleDetector
    - FLEX
    - Masonry
    - MLeaksFinder

EXTERNAL SOURCES:
  Flutter:
    :path: my_flutter/.ios/Flutter/engine
  FlutterPluginRegistrant:
    :path: my_flutter/.ios/Flutter/FlutterPluginRegistrant
  fluttertoast:
    :path: my_flutter/.ios/Flutter/.symlinks/fluttertoast/ios
  my_flutter:
    :path: my_flutter/.ios/Flutter

SPEC CHECKSUMS:
  FBRetainCycleDetector: 46f8179bbb1c587deee3ea838a1a3ee02acf5015
  FLEX: 58820af8881284bdd44e36141c607b8199cca45d
  Flutter: 0e3d915762c693b495b44d77113d4970485de6ec
  FlutterPluginRegistrant: 3f0b8077e2055fddc6e6a895fbaba7c62d9ab1fd
  fluttertoast: b644586ef3b16f67fae9a1f8754cef6b2d6b634b
  Masonry: 678fab65091a9290e40e2832a55e7ab731aad201
  MLeaksFinder: 8c435bd2f6d070af18cff082b503b21adc130fc0
  my_flutter: 5f71a42a61a499a9f322f2c0f62fc185a5807c9b

PODFILE CHECKSUM: 1a5f94b3b3f58dbc32a5d589f9b937ff407904b8

COCOAPODS: 1.10.0
